{
  "version": 4,
  "terraform_version": "0.15.0",
  "serial": 42,
  "lineage": "5df98ad5-7c4f-d635-593c-16817b440896",
  "outputs": {
    "app_service_default_hostname": {
      "value": "https://mvc-minitwit.azurewebsites.net",
      "type": "string"
    },
    "app_service_name": {
      "value": "mvc-minitwit",
      "type": "string"
    },
    "client_certificate": {
      "value": "LS0tLS1CRUdJTiBDRVJUSUZJQ0FURS0tLS0tCk1JSUZIVENDQXdXZ0F3SUJBZ0lRSFlsenhJTmJYZU9sUUZuV1E2aS9zVEFOQmdrcWhraUc5dzBCQVFzRkFEQU4KTVFzd0NRWURWUVFERXdKallUQWVGdzB5TVRBMU1ETXdPVE13TVRWYUZ3MHlNekExTURNd09UUXdNVFZhTURBeApGekFWQmdOVkJBb1REbk41YzNSbGJUcHRZWE4wWlhKek1SVXdFd1lEVlFRREV3eHRZWE4wWlhKamJHbGxiblF3CmdnSWlNQTBHQ1NxR1NJYjNEUUVCQVFVQUE0SUNEd0F3Z2dJS0FvSUNBUUNuUjFFYWcvVGRlQzhDbmhMV2hZUEYKeCtBTzcwQzRWTW1wUVJQT0xLdUFxVEdqNUMvVWRITmsvdnR2ZzhnKzdyZFFzUW9DSnpaVEZnclBmdktZN2JnOQpVUGhiMThXWWQweDRtcSsyVWhQK3NFbklyTDlrU3Bod090alBCOWpRdFU0RGF3R0RhYzVtZEM1Z291QklFeElpCmQ4NTVzQ0JyS1luRC92UFhEeHl4d0N3NWFBQ0xlV0VBRmNTNVhTNU5aaEp2Wi81SHZsMitabnFIYUlCOElvbnkKWllqY3Vrd1RCYm5pSU5OdnJMWVZsYUdwQXdrVWFZL2t6L0xmMWVtR1BXNyt0YTE2K29maVltOTdYZWM1RXRDQwpOdHZnVThGU3poS1A0M0JXb3FjWkN3ZHgwUWNrUDRuYXpNK2VkZWxodDNSNXB2TGRFanFLQjlSOHE5MVE2ZXVaCmdLSmpoZkR0T0ErTHhiWlZxbDB5R3ZhVTNvbUVrM1I5c2dsd2M5SS9vdTV5SXJINDN2RDhYdW83cTJmZDRVb08KM1V6dUV3b0tMWVRaY0k3MW14UElQMVhGRmxGVzZXZ1UzODM2MUwrb1VFeGZFVHZ1dDBEYmtOdWtDbWphemJhdwp4T25iZEYxZitlKzQ1MWthYWZyRnZrOE5vcVlzeWhrdHV4Y1gwWWhwWkhIMjh5T2NiQU1uOW42VFpNdkpUckJyCnhHVTRBVks2S1NjSXpjQ1gwWC9sRVc3Z3RNQUhFWWRXR0lzRFVGNnJjWWtCdE15UmxROVpjdzdnTmUvVkF5OVYKWTBsdU02YU1udHRqeHhoZ3F3djliWm53MTMrWXdrZi9yc0JES201NGN0SUZEQXlCM2dtTXlaK3F6bjJJTVVWMQphZ2VrcWlpaG9QRzljVldKMWg1QXRRSURBUUFCbzFZd1ZEQU9CZ05WSFE4QkFmOEVCQU1DQmFBd0V3WURWUjBsCkJBd3dDZ1lJS3dZQkJRVUhBd0l3REFZRFZSMFRBUUgvQkFJd0FEQWZCZ05WSFNNRUdEQVdnQlNQdUFWbytSZ1MKMlE0VEt3c1BwZ0xZaTlVWTFEQU5CZ2txaGtpRzl3MEJBUXNGQUFPQ0FnRUFzUWZqc3U0aGhqdlNOZ2dpUy9KRApVeUZyQVc1YWNxWUUvbHMxK3BsdDdBenRVMWVGY2psSXUreFpSQlZ3M0RXbWlIU2RkdWppd0tzbEpkMElncDcwCkdJU3lhMy9YdllKYTVhekgrTnNYdnRGVlUzeXNkYndhdjg3Rk81Mk9SRUoxTkpTKzE5NW1zUkw1dnJyWGZYZDUKRklITU5Odnd2WlExL21mSHM2Vi9vRW1ia2w0T1RnNzFTbFljNjU1LzU1WE1Wb2FGQmdCMVUzYmNvaC9YODdzNQpsZW5BQm10SWFrMndTb1VOVjA0cjhIaE5lamZCazRFeGhGbitqbk1NZ3FoSTFxUHBNa1JRbFZkR3RMYy83ZEVmCllFOGpaS0NQL2dJZDNEZTVrQ2x1aFdoMUY2cFBnU2JTNWRpN2ozZy9KYTEvQWtmNDVEN0JaalZXaW1NQ2g1YXIKRXhCZDNVbTd0L2ZXeXFGZ0FkR0pYV1RmYmpINGRNWlBHdm1zdDlya1RaRWJVT2JlS1dSUzBncFlhM2d1SEZ5NAp2ZnBjTS9UN29ZdkwrWWxyUWsvRnJIT2RuUzduaVB1S0RaN1NCank0eENNT243NkV2NlV2VDNSQVN1VU1RRnFNClpSZGYzQzV1WGhFckhsRVE1NTRsaEcvUlZiVVBkZzNXdHJCYkVBdDQrbnFyMkZ6QWJHTHFyK2xVQkhqYytobmsKeis2Ymg5TlpRS1ljWjE5NnIwa2hKbTliRGpaUnpFTmc4VGZ5ZGVLT1B2Y01SZEQzLy9KSjFCbGZzNjhjVDhSSApFVmMxWWxGRXQxbEtjVjNRaEEwc3BMN3RtTHBvZW44QVVYamFXNVg4TkJaOFl1RThhWVlzakxBWjFZQjM2ViswCnZtWEh4MGI4TEUrcmhRRXpXWEtWUzJJPQotLS0tLUVORCBDRVJUSUZJQ0FURS0tLS0tCg==",
      "type": "string"
    },
    "client_key": {
      "value": "LS0tLS1CRUdJTiBSU0EgUFJJVkFURSBLRVktLS0tLQpNSUlKS0FJQkFBS0NBZ0VBcDBkUkdvUDAzWGd2QXA0UzFvV0R4Y2ZnRHU5QXVGVEpxVUVUeml5cmdLa3hvK1F2CjFIUnpaUDc3YjRQSVB1NjNVTEVLQWljMlV4WUt6Mzd5bU8yNFBWRDRXOWZGbUhkTWVKcXZ0bElUL3JCSnlLeS8KWkVxWWNEcll6d2ZZMExWT0Eyc0JnMm5PWm5RdVlLTGdTQk1TSW5mT2ViQWdheW1Kdy83ejF3OGNzY0FzT1dnQQppM2xoQUJYRXVWMHVUV1lTYjJmK1I3NWR2bVo2aDJpQWZDS0o4bVdJM0xwTUV3VzU0aURUYjZ5MkZaV2hxUU1KCkZHbVA1TS95MzlYcGhqMXUvcld0ZXZxSDRtSnZlMTNuT1JMUWdqYmI0RlBCVXM0U2orTndWcUtuR1FzSGNkRUgKSkQrSjJzelBublhwWWJkMGVhYnkzUkk2aWdmVWZLdmRVT25ybVlDaVk0WHc3VGdQaThXMlZhcGRNaHIybE42SgpoSk4wZmJJSmNIUFNQNkx1Y2lLeCtON3cvRjdxTzZ0bjNlRktEdDFNN2hNS0NpMkUyWENPOVpzVHlEOVZ4UlpSClZ1bG9GTi9OK3RTL3FGQk1YeEU3N3JkQTI1RGJwQXBvMnMyMnNNVHAyM1JkWC9udnVPZFpHbW42eGI1UERhS20KTE1vWkxic1hGOUdJYVdSeDl2TWpuR3dESi9aK2syVEx5VTZ3YThSbE9BRlN1aWtuQ00zQWw5Ri81UkZ1NExUQQpCeEdIVmhpTEExQmVxM0dKQWJUTWtaVVBXWE1PNERYdjFRTXZWV05KYmpPbWpKN2JZOGNZWUtzTC9XMlo4TmQvCm1NSkgvNjdBUXlwdWVITFNCUXdNZ2Q0SmpNbWZxczU5aURGRmRXb0hwS29vb2FEeHZYRlZpZFllUUxVQ0F3RUEKQVFLQ0FnQlg4azdadWZiTFdaeWRxNjRMeXpaMGpabG5RTEt1TnlXdkx0L1N6Zmw5TTNjOXk0SzZHRjl6QWZ2LwpyVEZpcE84TUpZZzFpWmd1SnJDWVZ3NEZDVGFNUmozTlM2dy9kTGxuenl3Q2x6U2IrdU5QOWtMSjM4NDFjenI1CjNnNUg3SXFQa1hyQ05LYW5odjI3SU9iNS9jelRBbG96OEQyYkdjT3NvQ1pqTXpiSzNWWmkrQ01STVVlbVc4dUsKQ1V1R3RkdUxad2x4ZnN5YWhoWjFpcVBDb0FZV3d2c3AwV2lkdDZ6N0RuY2JoNXBUenMrbnBFanB5blkwdm4vYQozd1JmNTN5cnZhanZ0emdwOWNiVy9ZL0xtZkMyQlZHa3AyUkV2TU5Wa3laRTVrOGtBNEJ1Zm85YXAyMDY4K05VClZIblhQalNtb1BlZTh5NkQwNG9MNGZBQjBucGk2R3FlN0d2dnNzR0tVNkIxVDR4cnNncWgxVCtGUnRVMUV2NGUKMmxwdG5YM1UvVEhXZ2FnZFFiL3NnTmZQOExMaHNDaUQzanNaUlRDMTVlbWZRNlVISnpFV0pnc1lONC9mcVQrQgoxR25YZk9XenYwam5OTERtdHRMQUxuNFFkUWJMRlExTHNHVTlqZHV5ZU5IQ1p1d3BMdFcxVHQ3ajlsNE15Z2RsCm5SMGpsK3hqZ0ZoWHYxcVVnY1JOREdFZDZCUTZxSGRXVEVxRUhkcVljblA5dkpobGVzU3ljMSsxNzdpS005WksKdTViZ1JHcE5vQkNpV3B5VEhDMVVCUDdRSGNZTVMvN253WHR2a3gxSWJ0TVhlRjBhWXAwWHlGQWh1ZkJUODVNWQpiMjRCb0ZzOUo3bmtzRC9OaXAwenhIWkppWHVaNEhXVEs2YUxLL0M3N0I4ZkUraW1JUUtDQVFFQXlhUEJhTGJyCjdFR24rV2tQb1dZVXFrRUUySkMwN1VkSmJlaWFoM3RsdThOQ3JlWjZwOWxXd2wvSzBKRHRSaU9KSTZnc3poRmIKYmt5Y25CM1pkdlZsSmZLUGEwbjMzbXlJOHVha0xtbVN3TnlWRDljTEN4eGZydFdFa0toRCsrc1p6amdYU0poYgpOMDJGMGZFdlRnR1cwd2E5NGdIWGxlODNYbTFVMHF5SWVZM2ZNQXZ6ZmNvcHkxb1R0U2JSNjJxaEc3SjBwTUFrCmNBUzVhVHR0QlduZURmWGE3VEg1OE55enE3VW5VaWdrQ25tcC9BRzIyWFc3Rnk2ck1CYWhzSVNFZHBJaFNldW0KZkhoYmlyNmJYaTR0RUpqcnJLU28wclk5dkk3dkJteDludkxzcDA0eG44VVlJemU2b0VTcEs4blh2WUl1elRCOAozZ3BKc1l2VXVHcVhEd0tDQVFFQTFHQWQzeGV0dkY3d3h0QVhCUGhXenpwdi9MQ0QveU1TRm5TL29XRFdSeUs2CkN4OWtaS0haUDlhWUZBdmt0dkpSWmFRaGN4cGpRaVdyZzR6VVBjT2FzNi9ua3FaaGxEbDhwRGVPbklCdlF3VW0KL1RMcHdNUkpxT1NiZEV3SjdaNHRuRmg4RnZXWVF6K1cyTDlqSzFHdmxKSUxJSHdEUWt1VXRGelo5dTdrdmxBQgp5MU5rL3Jxb2ZHTnoybFdvcnMxMzhoYnM4UHZKak92djFveUpQWExMZmhQUjh1MjhweEZGRXlPNzRlaVRyb3QrClpnSU44Y0dUODU0NnRpNG90WGVRcUNqNlNvZno0QlBHV1FoNDFsQVh6MTNuZDdXWVR3TUF2a0EzeFJpOG02cVMKQ3BVMWV1dWNzWUFrUEdtZ0ZBSE5YMS90ai92MDFmUnBJaE55U1BtTCt3S0NBUUVBbHE0R2hBZmR1VWsvQ3dSVgpwOWl1cktPMXlWZ3B1LzYvZ3FDRmlhVE8yMGNJOXdiNnRaK1dVOTVkb3dvS0paVzhqNmJIQko2MzRtN2h3VkFWCkIrNU5UZFE3RklQTDlLektraW1FbXlKTmhrM1FIbXdtVm9FM2gyRUxsVVlJdDZKeVFFWnVMOU9hcG5NS0ExN20KYUxhTFROc0czbk5kOVM4MEF4NVVlckp2c2RZdzZLaWxwbVNDWXZISE5HSDBFS1k0Q29pSzNlcXZ6LzNYeUNtZQpTS05hU3Joa2gwZ0hiTlNnZHpvQ1RrU3MyaDhjeGJOS1Bxclp5bk1YZmZJTGxlc1JTY0hkbW0yOGxkc2pIVVZlCnVUeHNkTEN4dk91M05PNzJwNGR3V3k2TG1WSVRRdHNOL2tTOHl1U0VVK3U3TjN1MyttZmtMWFdFZWpEWjdSRi8KUHVoNFJRS0NBUUIrUkl0ZUdlRDA3Mm11ZXdoRXJ6WkZ6VlBKNUZVR2U1NkVkWE4rQ21vOEx4eDRBbmtaRDlWdwpEREd0TVlrUmNLOE9oSEJTMUN5UnBuMzhIOTRNdnVDYTF3b1MraE5vSW1uRjVUWklQR0JxYzRURDQrSnc5d05vCmhFc2M4Unl5QjJyTTJ4c2tOMjhKQktTMlI4dzVkRDYxVWNPRjA5WElNOUc5RHJ1VkFtSkQrS09vZFBQR004cDYKOGxKdVRLR1hGSmlzK2c1MEZPKzNkb3ZKZnhNVjBzdkVNUnFSbWVHaFh6WTNjL2FBRVZ6RTJURVVpMElwSzlQQQpjNklxc1BVSk40WnRSTGZUV2xPWU5ZbW5ZODhjZE5CRFBXeWlrdmgwZWErV2JlMzZwSU4yOWdvUWVyZ3FWaTE2CnAxcGtCTlRsTUZFZjFKUVZHRk53WmZtZ0JmbmNBMnJEQW9JQkFFVElFZExtY2JrQTcxMEwvNXZnQ3BBc3MwaWQKajQwMWhPVXNhVnpRMlJGMTNOUE9GVHhhSmJaUEtOU1JpVldtQ1JJREFnWU8yRkxUZUlSUDNIaWxFc1U0aEloVAoraWQwb1ZCblhiZ1lma0VoODZBYmRtdEwraHVBUVpFL3pRbDV1UHlRZm54T0NHSDgrb3RmTW4xeXBjYTFJRnVBCnhzWlFoMUlEUTRXQ2NDTWxJQW5GVDN0Q2pHZXFIVDJxekcyRGlrNzVXWFNwYSthQm5jdmRTSUt6bDNKejlKdTUKWitNMGphYkNrVjBjTUFHN01TdDk0eTJjdXB4M1Izc28zTkxleDhaM0hPdm5ZaUxOQzRWenFEdWhDbVBtTm4ybApVdm5wcUQ5Z2tlL2s5RnZJaGx2bTU2QjRHaWszbTNEdXMvaHFjdWsvb2pqSDRUUi9YNVBES2hlUFFSaz0KLS0tLS1FTkQgUlNBIFBSSVZBVEUgS0VZLS0tLS0K",
      "type": "string"
    },
    "cluster_ca_certificate": {
      "value": "LS0tLS1CRUdJTiBDRVJUSUZJQ0FURS0tLS0tCk1JSUU2RENDQXRDZ0F3SUJBZ0lRSXlsTXJUOXZFak0zNEx5aWlreHJSakFOQmdrcWhraUc5dzBCQVFzRkFEQU4KTVFzd0NRWURWUVFERXdKallUQWdGdzB5TVRBMU1ETXdPVE13TVRWYUdBOHlNRFV4TURVd016QTVOREF4TlZvdwpEVEVMTUFrR0ExVUVBeE1DWTJFd2dnSWlNQTBHQ1NxR1NJYjNEUUVCQVFVQUE0SUNEd0F3Z2dJS0FvSUNBUUMwCktSd2EwK2ZLYlh3TGQyQ2tObkNLVldtdENJalJ5aFVEdHNRL01xVzdrcGZBYjFudkQzZHRrVi8xQy80Y0tDejUKcVNuS25tcFZXRlhoYjZHWEZGK2d3cjBSaFNJUkJDT1ZVUStZWjlIL01rejBxS1k1bGdSOUk3L0dqdGxvZGFWNgpoNXNhc1VIL3RHMjN6aTBJbDk3MUhNZGg1QWtiSWlUcGNjc0FnWitRWVR4cmlkL1VSREdVREt5ZUREUjNrc3VzCi9rbXZzYU1kSFpXb3BkejlyWVV6cHBzWnlKVU5PN25OZXorU2RrUVFhUWV2SDhubGZYc1BtRGE5dkNUcUFkOWcKSldHWG4vb1dEL0F3OWJKcXVVZFRYWWU4L3U3Z0FNVHo4SjlwMTM1T2VzVlRzdDU4RlFMd3ozRksrNlhHa0JDcwpySkYyM1JaODhmNSszVTNtVk1qL2ZuRUI2eE9IUGFrSERJWXN0ZlkzV2tQYUg3YzNwSm94SzdRTE83ZFNlU3plCnl6ZXZxM0x0NGY2VmM0TFkvL3V4MzFxTXVSenFValpYaHBPZTJVdWswQzhTdTJsWmpQSTBZRVM4Nk9sZzdpRVEKVXNBR2xsVy9tV04wTXAzVERuTXR1T1ZPZEdnbkxXL3F2Wkh1RElhWFNTeUZtSXozMzNocFBPczNLZW9lSjJQegpaQVY2dkplYlRkZnZLenAxUzVSQTJmaE4wSW1uYlc3QXdsN1RsT2Nyd0F6U1ovL3cxU1NKUDhiM3IwZTRhZkdaClpFVW50Z2wyYm5pYlZrak93SVFQU3grTGlwTUp4YncycTNQR0V2UTJsWnl3K01iMXBNdWRMREZCWitLYnIyNzkKYlU2QzBtVldxaXpOYncvNXU3bVIxK2ppeGlzRXJ0c0tQYzlaeFNjVmp3SURBUUFCbzBJd1FEQU9CZ05WSFE4QgpBZjhFQkFNQ0FxUXdEd1lEVlIwVEFRSC9CQVV3QXdFQi96QWRCZ05WSFE0RUZnUVVqN2dGYVBrWUV0a09FeXNMCkQ2WUMySXZWR05Rd0RRWUpLb1pJaHZjTkFRRUxCUUFEZ2dJQkFCV3l1ZVNSTFJMbEUvNCtPVUdVNHlrcWgxM2oKMXVKcGdtTmkxODVZOUhKcWZXaW5NNDNSc0d2ajNKYVdudUF0MWZPdDlQYmQ2MGN0azZNcUo5S1NYNzlZa1EwSgpjaTJYa2d1WFpGQ0ZQQUVJdnRpalZVRXc0aVJOZlBUYVAyZUFXc1E3QjRqMFNMeGo5a01hKzFoTUg4R2dLWjlzCnJJdlQvSzllSUN0RlBnaUoxTnhsWm9YRzJpV2NOcC9PeitSMDdMVDJIa0xRSElLWDlPK2wyS1JDNHh4UlcwNEEKY0JKVzhkUjl2UlVCYTVpUkJHbW0reUdKV2VPN21obkxwK1N6VVZlYW5LVXVLSUdOc1U1dHM2c2p3a0g0QmdrMgpFVGJVWmFodG5OMzQ1ZkZPNlZmNnBLdXB2dWtRRnNlZ20xcVQ3VHlpWjhPRjR1NXk2Z1ZRVytiT2ZkRU5WRkpiCkxMN2M4UmVpVVliaU5tYy91VUpNRUw3aHVYN2JnalNOOGhhSEV6bkVBMzN2cjlhSFhQaEdtV3U2RHVubVdIKzAKN2JNbE1XTy9pbEN4K0lmOWhHaFp5SUVVdTQ4Q1RQK3lBZklBYngyMTkrdGtZVTVoc2p1cllpVGVwR1RYckxaQwpTUWxzYTFJblRmK1NlQkllbXh0RXVHcXdPMXFydnIyVThrTFdqY3FTbThPNXVRNTZGRTF1TVN3clZKeVUxZkV3CitGcFg0THB4eU1ZSDNJT1czZnNtalFFci9NK3dmbHBIbDlnc2t4ZERhWXUwQ3dKV3gyTzZQd1ZRQ3ViN1hvcngKM1Q0UkdEcjlPaWdoVExYOFZKODlUeE9yRVdLeWNzWXlzMEo1dkZ2aEpkdWR2OS8wNXpmeDlRSjVSU1FGd1A4cQphS2pnZ0JhRGhzVSsyYWJzCi0tLS0tRU5EIENFUlRJRklDQVRFLS0tLS0K",
      "type": "string"
    },
    "host": {
      "value": "https://mvcminitwitaks-e35f5ec2.hcp.westeurope.azmk8s.io:443",
      "type": "string"
    },
    "id": {
      "value": "/subscriptions/5fe8fe9e-ec72-4c24-8d51-122c0378b2ba/resourcegroups/grouph-minitwit/providers/Microsoft.ContainerService/managedClusters/mvc-minitwit_aks",
      "type": "string"
    }
  },
  "resources": [
    {
      "mode": "data",
      "type": "azurerm_client_config",
      "name": "current",
      "provider": "provider[\"registry.terraform.io/hashicorp/azurerm\"]",
      "instances": [
        {
          "schema_version": 0,
          "attributes": {
            "client_id": "04b07795-8ddb-461a-bbee-02f9e1bf7b46",
            "id": "2021-05-03 09:46:00.9905592 +0000 UTC",
            "object_id": "e8998595-4a31-430b-9523-002d337609f4",
            "subscription_id": "5fe8fe9e-ec72-4c24-8d51-122c0378b2ba",
            "tenant_id": "bea229b6-7a08-4086-b44c-71f57f716bdb",
            "timeouts": null
          },
          "sensitive_attributes": []
        }
      ]
    },
    {
      "mode": "managed",
      "type": "azurerm_app_service",
      "name": "app-service",
      "provider": "provider[\"registry.terraform.io/hashicorp/azurerm\"]",
      "instances": [
        {
          "schema_version": 0,
          "attributes": {
            "app_service_plan_id": "/subscriptions/5fe8fe9e-ec72-4c24-8d51-122c0378b2ba/resourceGroups/grouph-minitwit/providers/Microsoft.Web/serverfarms/mvc-minitwit-asp",
            "app_settings": {
              "DOCKER_REGISTRY_SERVER_PASSWORD": "0CoFqUgATH5B4x/uGtINM7JCJjCmFVeZ",
              "DOCKER_REGISTRY_SERVER_URL": "https://mvcminitwitacr.azurecr.io",
              "DOCKER_REGISTRY_SERVER_USERNAME": "mvcminitwitACR"
            },
            "auth_settings": [
              {
                "active_directory": [],
                "additional_login_params": {},
                "allowed_external_redirect_urls": [],
                "default_provider": "",
                "enabled": false,
                "facebook": [],
                "google": [],
                "issuer": "",
                "microsoft": [],
                "runtime_version": "",
                "token_refresh_extension_hours": 0,
                "token_store_enabled": false,
                "twitter": [],
                "unauthenticated_client_action": ""
              }
            ],
            "backup": [],
            "client_affinity_enabled": false,
            "client_cert_enabled": false,
            "connection_string": [
              {
                "name": "MvcDbContext",
                "type": "SQLServer",
                "value": "Server=tcp:minitwit-neutrals.database.windows.net,1433;Initial Catalog=minitwitDb;Persist Security Info=False;User ID=neutrals;Password=Cfias5Vm5eHYu56;MultipleActiveResultSets=False;Encrypt=True;TrustServerCertificate=False;Connection Timeout=30;"
              }
            ],
            "custom_domain_verification_id": "32C5810BC470A40AAF3BDB075B18CD8888661610B4EB21DE1295BB0F123CA2C2",
            "default_site_hostname": "mvc-minitwit.azurewebsites.net",
            "enabled": true,
            "https_only": false,
            "id": "/subscriptions/5fe8fe9e-ec72-4c24-8d51-122c0378b2ba/resourceGroups/grouph-minitwit/providers/Microsoft.Web/sites/mvc-minitwit",
            "identity": [
              {
                "identity_ids": [],
                "principal_id": "1c69aacc-c0f7-4e03-af34-80d359afccf8",
                "tenant_id": "bea229b6-7a08-4086-b44c-71f57f716bdb",
                "type": "SystemAssigned"
              }
            ],
            "location": "westeurope",
            "logs": [
              {
                "application_logs": [
                  {
                    "azure_blob_storage": [],
                    "file_system_level": "Off"
                  }
                ],
                "detailed_error_messages_enabled": false,
                "failed_request_tracing_enabled": false,
                "http_logs": [
                  {
                    "azure_blob_storage": [],
                    "file_system": []
                  }
                ]
              }
            ],
            "name": "mvc-minitwit",
            "outbound_ip_address_list": [
              "13.69.68.11",
              "104.45.2.57",
              "137.117.162.115",
              "51.145.157.213",
              "40.114.230.242"
            ],
            "outbound_ip_addresses": "13.69.68.11,104.45.2.57,137.117.162.115,51.145.157.213,40.114.230.242",
            "possible_outbound_ip_address_list": [
              "13.69.68.11",
              "104.45.2.57",
              "137.117.162.115",
              "51.145.157.213",
              "40.114.230.242",
              "137.117.211.198",
              "13.80.131.89",
              "137.117.173.224",
              "13.94.133.227",
              "40.115.15.39"
            ],
            "possible_outbound_ip_addresses": "13.69.68.11,104.45.2.57,137.117.162.115,51.145.157.213,40.114.230.242,137.117.211.198,13.80.131.89,137.117.173.224,13.94.133.227,40.115.15.39",
            "resource_group_name": "grouph-minitwit",
            "site_config": [
              {
                "always_on": true,
                "app_command_line": "",
                "auto_swap_slot_name": "",
                "cors": [
                  {
                    "allowed_origins": [],
                    "support_credentials": false
                  }
                ],
                "default_documents": [],
                "dotnet_framework_version": "v4.0",
                "ftps_state": "AllAllowed",
                "health_check_path": "",
                "http2_enabled": false,
                "ip_restriction": [],
                "java_container": "",
                "java_container_version": "",
                "java_version": "",
                "linux_fx_version": "DOCKER|mvc-minitwit-acr.azurecr.io/neutralsminitwit:119",
                "local_mysql_enabled": false,
                "managed_pipeline_mode": "Integrated",
                "min_tls_version": "1.2",
                "number_of_workers": 1,
                "php_version": "",
                "python_version": "",
                "remote_debugging_enabled": false,
                "remote_debugging_version": "VS2019",
                "scm_ip_restriction": [],
                "scm_type": "None",
                "scm_use_main_ip_restriction": false,
                "use_32_bit_worker_process": false,
                "websockets_enabled": false,
                "windows_fx_version": ""
              }
            ],
            "site_credential": [
              {
                "password": "dDchqatGl58hqsMiJlos0sbmCpsca9GPdLfL6nZbgjGGxoD2qBvGlFRve78N",
                "username": "$mvc-minitwit"
              }
            ],
            "source_control": [
              {
                "branch": "master",
                "manual_integration": false,
                "repo_url": "",
                "rollback_enabled": false,
                "use_mercurial": false
              }
            ],
            "storage_account": [],
            "tags": {},
            "timeouts": null
          },
          "sensitive_attributes": [
            [
              {
                "type": "get_attr",
                "value": "app_settings"
              },
              {
                "type": "index",
                "value": {
                  "value": "DOCKER_REGISTRY_SERVER_PASSWORD",
                  "type": "string"
                }
              }
            ]
          ],
          "private": "eyJlMmJmYjczMC1lY2FhLTExZTYtOGY4OC0zNDM2M2JjN2M0YzAiOnsiY3JlYXRlIjoxODAwMDAwMDAwMDAwLCJkZWxldGUiOjE4MDAwMDAwMDAwMDAsInJlYWQiOjMwMDAwMDAwMDAwMCwidXBkYXRlIjoxODAwMDAwMDAwMDAwfX0=",
          "dependencies": [
            "azurerm_container_registry.acr",
            "azurerm_resource_group.grouphrg",
            "azurerm_app_service_plan.service_plan"
          ]
        }
      ]
    },
    {
      "mode": "managed",
      "type": "azurerm_app_service",
      "name": "web_app_container-graf",
      "provider": "provider[\"registry.terraform.io/hashicorp/azurerm\"]",
      "instances": [
        {
          "schema_version": 0,
          "attributes": {
            "app_service_plan_id": "/subscriptions/5fe8fe9e-ec72-4c24-8d51-122c0378b2ba/resourceGroups/grouph-minitwit/providers/Microsoft.Web/serverfarms/mvc-minitwit-asp",
            "app_settings": {},
            "auth_settings": [
              {
                "active_directory": [],
                "additional_login_params": {},
                "allowed_external_redirect_urls": [],
                "default_provider": "",
                "enabled": false,
                "facebook": [],
                "google": [],
                "issuer": "",
                "microsoft": [],
                "runtime_version": "",
                "token_refresh_extension_hours": 0,
                "token_store_enabled": false,
                "twitter": [],
                "unauthenticated_client_action": ""
              }
            ],
            "backup": [],
            "client_affinity_enabled": false,
            "client_cert_enabled": false,
            "connection_string": [],
            "custom_domain_verification_id": "32C5810BC470A40AAF3BDB075B18CD8888661610B4EB21DE1295BB0F123CA2C2",
            "default_site_hostname": "mvc-minitwit-graf.azurewebsites.net",
            "enabled": true,
            "https_only": false,
            "id": "/subscriptions/5fe8fe9e-ec72-4c24-8d51-122c0378b2ba/resourceGroups/grouph-minitwit/providers/Microsoft.Web/sites/mvc-minitwit-graf",
            "identity": [],
            "location": "westeurope",
            "logs": [
              {
                "application_logs": [
                  {
                    "azure_blob_storage": [],
                    "file_system_level": "Off"
                  }
                ],
                "detailed_error_messages_enabled": false,
                "failed_request_tracing_enabled": false,
                "http_logs": [
                  {
                    "azure_blob_storage": [],
                    "file_system": []
                  }
                ]
              }
            ],
            "name": "mvc-minitwit-graf",
            "outbound_ip_address_list": [
              "13.69.68.11",
              "104.45.2.57",
              "137.117.162.115",
              "51.145.157.213",
              "40.114.230.242"
            ],
            "outbound_ip_addresses": "13.69.68.11,104.45.2.57,137.117.162.115,51.145.157.213,40.114.230.242",
            "possible_outbound_ip_address_list": [
              "13.69.68.11",
              "104.45.2.57",
              "137.117.162.115",
              "51.145.157.213",
              "40.114.230.242",
              "137.117.211.198",
              "13.80.131.89",
              "137.117.173.224",
              "13.94.133.227",
              "40.115.15.39"
            ],
            "possible_outbound_ip_addresses": "13.69.68.11,104.45.2.57,137.117.162.115,51.145.157.213,40.114.230.242,137.117.211.198,13.80.131.89,137.117.173.224,13.94.133.227,40.115.15.39",
            "resource_group_name": "grouph-minitwit",
            "site_config": [
              {
                "always_on": true,
                "app_command_line": "",
                "auto_swap_slot_name": "",
                "cors": [
                  {
                    "allowed_origins": [],
                    "support_credentials": false
                  }
                ],
                "default_documents": [],
                "dotnet_framework_version": "v4.0",
                "ftps_state": "AllAllowed",
                "health_check_path": "",
                "http2_enabled": false,
                "ip_restriction": [],
                "java_container": "",
                "java_container_version": "",
                "java_version": "",
                "linux_fx_version": "COMPOSE|dmVyc2lvbjogJzMuNCcNCg0Kc2VydmljZXM6ICANCiAgZ3JhZmFuYTogDQogICAgaW1hZ2U6IGpva2VyZW45L25ldXRyYWxzbWluaXR3aXQ6Z3JhZmFuYQ0KICAgIHBvcnRzOg0KICAgIC0gIjMwMDA6MzAwMCINCiAgICBlbnZpcm9ubWVudDoNCiAgICAgIC0gR0ZfU0VDVVJJVFlfQURNSU5fVVNFUj1kZXZvcHMyMQ0KICAgICAgLSBHRl9TRUNVUklUWV9BRE1JTl9QQVNTV09SRD0tbEV0TUVJbi0NCiAgICBuZXR3b3JrczoNCiAgICAgIC0gZG90bmV0Y29yZXByb21ncmFmYW5hDQogICAgZGVwZW5kc19vbjoNCiAgICAgIC0gcHJvbWV0aGV1cw0KDQogIGxva2k6DQogICAgaW1hZ2U6IGdyYWZhbmEvbG9raTptYXN0ZXINCiAgICBwb3J0czoNCiAgICAtICIzMTAwOjMxMDAiDQogICAgY29tbWFuZDogLWNvbmZpZy5maWxlPS9ldGMvbG9raS9sb2NhbC1jb25maWcueWFtbA0KICAgIG5ldHdvcmtzOg0KICAgICAgLSBkb3RuZXRjb3JlcHJvbWdyYWZhbmENCg0KICBwcm9tdGFpbDoNCiAgICBpbWFnZTogam9rZXJlbjkvbmV1dHJhbHNtaW5pdHdpdDpwcm9tdGFpbA0KICAgIHBvcnRzOg0KICAgIC0gIjkwODA6OTA4MCINCiAgICBjb21tYW5kOiAtY29uZmlnLmZpbGU9L2V0Yy9wcm9tdGFpbC9jb25maWcueW1sDQogICAgbmV0d29ya3M6DQogICAgICAtIGRvdG5ldGNvcmVwcm9tZ3JhZmFuYQ0KDQogIHByb21ldGhldXM6DQogICAgaW1hZ2U6IGpva2VyZW45L25ldXRyYWxzbWluaXR3aXQ6cHJvbWV0aGV1cw0KICAgIHJlc3RhcnQ6IGFsd2F5cw0KICAgIHBvcnRzOg0KICAgICAgLSAiOTA5MDo5MDkwIg0KICAgIG5ldHdvcmtzOg0KICAgICAgLSBkb3RuZXRjb3JlcHJvbWdyYWZhbmENCg0KIyMjIHB1dCBhbGwgdGhlIG5ldHdvcmtzIGhlcmUNCm5ldHdvcmtzOg0KICBkb3RuZXRjb3JlcHJvbWdyYWZhbmE6",
                "local_mysql_enabled": false,
                "managed_pipeline_mode": "Integrated",
                "min_tls_version": "1.2",
                "number_of_workers": 1,
                "php_version": "",
                "python_version": "",
                "remote_debugging_enabled": false,
                "remote_debugging_version": "VS2019",
                "scm_ip_restriction": [],
                "scm_type": "None",
                "scm_use_main_ip_restriction": false,
                "use_32_bit_worker_process": false,
                "websockets_enabled": false,
                "windows_fx_version": ""
              }
            ],
            "site_credential": [
              {
                "password": "qkrE90oo6jajTDuP73tuxb0bCD9wirdhCMTr9jA1pKJ7MhPo0QtoHKZmBJJe",
                "username": "$mvc-minitwit-graf"
              }
            ],
            "source_control": [
              {
                "branch": "master",
                "manual_integration": false,
                "repo_url": "",
                "rollback_enabled": false,
                "use_mercurial": false
              }
            ],
            "storage_account": [],
            "tags": {},
            "timeouts": null
          },
          "sensitive_attributes": [],
          "private": "eyJlMmJmYjczMC1lY2FhLTExZTYtOGY4OC0zNDM2M2JjN2M0YzAiOnsiY3JlYXRlIjoxODAwMDAwMDAwMDAwLCJkZWxldGUiOjE4MDAwMDAwMDAwMDAsInJlYWQiOjMwMDAwMDAwMDAwMCwidXBkYXRlIjoxODAwMDAwMDAwMDAwfX0=",
          "dependencies": [
            "azurerm_app_service_plan.service_plan",
            "azurerm_resource_group.grouphrg"
          ]
        }
      ]
    },
    {
      "mode": "managed",
      "type": "azurerm_app_service",
      "name": "web_app_container-seq",
      "provider": "provider[\"registry.terraform.io/hashicorp/azurerm\"]",
      "instances": [
        {
          "schema_version": 0,
          "attributes": {
            "app_service_plan_id": "/subscriptions/5fe8fe9e-ec72-4c24-8d51-122c0378b2ba/resourceGroups/grouph-minitwit/providers/Microsoft.Web/serverfarms/mvc-minitwit-asp",
            "app_settings": {},
            "auth_settings": [
              {
                "active_directory": [],
                "additional_login_params": {},
                "allowed_external_redirect_urls": [],
                "default_provider": "",
                "enabled": false,
                "facebook": [],
                "google": [],
                "issuer": "",
                "microsoft": [],
                "runtime_version": "",
                "token_refresh_extension_hours": 0,
                "token_store_enabled": false,
                "twitter": [],
                "unauthenticated_client_action": ""
              }
            ],
            "backup": [],
            "client_affinity_enabled": false,
            "client_cert_enabled": false,
            "connection_string": [],
            "custom_domain_verification_id": "32C5810BC470A40AAF3BDB075B18CD8888661610B4EB21DE1295BB0F123CA2C2",
            "default_site_hostname": "mvc-minitwit-seq.azurewebsites.net",
            "enabled": true,
            "https_only": false,
            "id": "/subscriptions/5fe8fe9e-ec72-4c24-8d51-122c0378b2ba/resourceGroups/grouph-minitwit/providers/Microsoft.Web/sites/mvc-minitwit-seq",
            "identity": [],
            "location": "westeurope",
            "logs": [
              {
                "application_logs": [
                  {
                    "azure_blob_storage": [],
                    "file_system_level": "Off"
                  }
                ],
                "detailed_error_messages_enabled": false,
                "failed_request_tracing_enabled": false,
                "http_logs": [
                  {
                    "azure_blob_storage": [],
                    "file_system": []
                  }
                ]
              }
            ],
            "name": "mvc-minitwit-seq",
            "outbound_ip_address_list": [
              "13.69.68.11",
              "104.45.2.57",
              "137.117.162.115",
              "51.145.157.213",
              "40.114.230.242"
            ],
            "outbound_ip_addresses": "13.69.68.11,104.45.2.57,137.117.162.115,51.145.157.213,40.114.230.242",
            "possible_outbound_ip_address_list": [
              "13.69.68.11",
              "104.45.2.57",
              "137.117.162.115",
              "51.145.157.213",
              "40.114.230.242",
              "137.117.211.198",
              "13.80.131.89",
              "137.117.173.224",
              "13.94.133.227",
              "40.115.15.39"
            ],
            "possible_outbound_ip_addresses": "13.69.68.11,104.45.2.57,137.117.162.115,51.145.157.213,40.114.230.242,137.117.211.198,13.80.131.89,137.117.173.224,13.94.133.227,40.115.15.39",
            "resource_group_name": "grouph-minitwit",
            "site_config": [
              {
                "always_on": true,
                "app_command_line": "",
                "auto_swap_slot_name": "",
                "cors": [
                  {
                    "allowed_origins": [],
                    "support_credentials": false
                  }
                ],
                "default_documents": [],
                "dotnet_framework_version": "v4.0",
                "ftps_state": "AllAllowed",
                "health_check_path": "",
                "http2_enabled": false,
                "ip_restriction": [],
                "java_container": "",
                "java_container_version": "",
                "java_version": "",
                "linux_fx_version": "COMPOSE|dmVyc2lvbjogJzMuNCcNCg0Kc2VydmljZXM6DQogIGRhdGFsdXN0c2VxOg0KICAgIGltYWdlOiBkYXRhbHVzdC9zZXE6bGF0ZXN0DQogICAgZW52aXJvbm1lbnQ6DQogICAgICAtIEFDQ0VQVF9FVUxBPVkNCiAgICBwb3J0czoNCiAgICAgIC0gJzUzNDA6ODAnDQo=",
                "local_mysql_enabled": false,
                "managed_pipeline_mode": "Integrated",
                "min_tls_version": "1.2",
                "number_of_workers": 1,
                "php_version": "",
                "python_version": "",
                "remote_debugging_enabled": false,
                "remote_debugging_version": "VS2019",
                "scm_ip_restriction": [],
                "scm_type": "None",
                "scm_use_main_ip_restriction": false,
                "use_32_bit_worker_process": false,
                "websockets_enabled": false,
                "windows_fx_version": ""
              }
            ],
            "site_credential": [
              {
                "password": "Wodbx50suQudgXtnmszgs94mQrFZuahJAychyCDDYR0t9XGzhBJJJozABRlH",
                "username": "$mvc-minitwit-seq"
              }
            ],
            "source_control": [
              {
                "branch": "master",
                "manual_integration": false,
                "repo_url": "",
                "rollback_enabled": false,
                "use_mercurial": false
              }
            ],
            "storage_account": [],
            "tags": {},
            "timeouts": null
          },
          "sensitive_attributes": [],
          "private": "eyJlMmJmYjczMC1lY2FhLTExZTYtOGY4OC0zNDM2M2JjN2M0YzAiOnsiY3JlYXRlIjoxODAwMDAwMDAwMDAwLCJkZWxldGUiOjE4MDAwMDAwMDAwMDAsInJlYWQiOjMwMDAwMDAwMDAwMCwidXBkYXRlIjoxODAwMDAwMDAwMDAwfX0=",
          "dependencies": [
            "azurerm_app_service_plan.service_plan",
            "azurerm_resource_group.grouphrg"
          ]
        }
      ]
    },
    {
      "mode": "managed",
      "type": "azurerm_app_service_plan",
      "name": "service_plan",
      "provider": "provider[\"registry.terraform.io/hashicorp/azurerm\"]",
      "instances": [
        {
          "schema_version": 0,
          "attributes": {
            "app_service_environment_id": "",
            "id": "/subscriptions/5fe8fe9e-ec72-4c24-8d51-122c0378b2ba/resourceGroups/grouph-minitwit/providers/Microsoft.Web/serverfarms/mvc-minitwit-asp",
            "is_xenon": false,
            "kind": "linux",
            "location": "westeurope",
            "maximum_elastic_worker_count": 1,
            "maximum_number_of_workers": 3,
            "name": "mvc-minitwit-asp",
            "per_site_scaling": false,
            "reserved": true,
            "resource_group_name": "grouph-minitwit",
            "sku": [
              {
                "capacity": 1,
                "size": "B1",
                "tier": "Basic"
              }
            ],
            "tags": {},
            "timeouts": null
          },
          "sensitive_attributes": [],
          "private": "eyJlMmJmYjczMC1lY2FhLTExZTYtOGY4OC0zNDM2M2JjN2M0YzAiOnsiY3JlYXRlIjozNjAwMDAwMDAwMDAwLCJkZWxldGUiOjM2MDAwMDAwMDAwMDAsInJlYWQiOjMwMDAwMDAwMDAwMCwidXBkYXRlIjozNjAwMDAwMDAwMDAwfX0=",
          "dependencies": [
            "azurerm_resource_group.grouphrg"
          ]
        }
      ]
    },
    {
      "mode": "managed",
      "type": "azurerm_container_registry",
      "name": "acr",
      "provider": "provider[\"registry.terraform.io/hashicorp/azurerm\"]",
      "instances": [
        {
          "schema_version": 2,
          "attributes": {
            "admin_enabled": true,
            "admin_password": "0CoFqUgATH5B4x/uGtINM7JCJjCmFVeZ",
            "admin_username": "mvcminitwitACR",
            "georeplication_locations": null,
            "id": "/subscriptions/5fe8fe9e-ec72-4c24-8d51-122c0378b2ba/resourceGroups/grouph-minitwit/providers/Microsoft.ContainerRegistry/registries/mvcminitwitACR",
            "location": "westeurope",
            "login_server": "mvcminitwitacr.azurecr.io",
            "name": "mvcminitwitACR",
            "network_rule_set": [],
            "public_network_access_enabled": true,
            "quarantine_policy_enabled": false,
            "resource_group_name": "grouph-minitwit",
            "retention_policy": [
              {
                "days": 7,
                "enabled": false
              }
            ],
            "sku": "Basic",
            "storage_account_id": null,
            "tags": {},
            "timeouts": null,
            "trust_policy": [
              {
                "enabled": false
              }
            ]
          },
          "sensitive_attributes": [],
          "private": "eyJlMmJmYjczMC1lY2FhLTExZTYtOGY4OC0zNDM2M2JjN2M0YzAiOnsiY3JlYXRlIjoxODAwMDAwMDAwMDAwLCJkZWxldGUiOjE4MDAwMDAwMDAwMDAsInJlYWQiOjMwMDAwMDAwMDAwMCwidXBkYXRlIjoxODAwMDAwMDAwMDAwfSwic2NoZW1hX3ZlcnNpb24iOiIyIn0=",
          "dependencies": [
            "azurerm_resource_group.grouphrg"
          ]
        }
      ]
    },
    {
      "mode": "managed",
      "type": "azurerm_key_vault",
      "name": "kv",
      "provider": "provider[\"registry.terraform.io/hashicorp/azurerm\"]",
      "instances": [
        {
          "schema_version": 2,
          "attributes": {
            "access_policy": [
              {
                "application_id": "",
                "certificate_permissions": [],
                "key_permissions": [
                  "Get"
                ],
                "object_id": "e8998595-4a31-430b-9523-002d337609f4",
                "secret_permissions": [
                  "Get"
                ],
                "storage_permissions": [
                  "Get"
                ],
                "tenant_id": "bea229b6-7a08-4086-b44c-71f57f716bdb"
              }
            ],
            "contact": [],
            "enable_rbac_authorization": false,
            "enabled_for_deployment": false,
            "enabled_for_disk_encryption": true,
            "enabled_for_template_deployment": false,
            "id": "/subscriptions/5fe8fe9e-ec72-4c24-8d51-122c0378b2ba/resourceGroups/grouph-minitwit/providers/Microsoft.KeyVault/vaults/mvc-minitwit-keyvault",
            "location": "westeurope",
            "name": "mvc-minitwit-keyvault",
            "network_acls": [
              {
                "bypass": "AzureServices",
                "default_action": "Allow",
                "ip_rules": [],
                "virtual_network_subnet_ids": []
              }
            ],
            "purge_protection_enabled": false,
            "resource_group_name": "grouph-minitwit",
            "sku_name": "standard",
            "soft_delete_enabled": true,
            "soft_delete_retention_days": 7,
            "tags": {},
            "tenant_id": "bea229b6-7a08-4086-b44c-71f57f716bdb",
            "timeouts": null,
            "vault_uri": "https://mvc-minitwit-keyvault.vault.azure.net/"
          },
          "sensitive_attributes": [],
          "private": "eyJlMmJmYjczMC1lY2FhLTExZTYtOGY4OC0zNDM2M2JjN2M0YzAiOnsiY3JlYXRlIjoxODAwMDAwMDAwMDAwLCJkZWxldGUiOjE4MDAwMDAwMDAwMDAsInJlYWQiOjMwMDAwMDAwMDAwMCwidXBkYXRlIjoxODAwMDAwMDAwMDAwfSwic2NoZW1hX3ZlcnNpb24iOiIyIn0=",
          "dependencies": [
            "azurerm_resource_group.grouphrg",
            "data.azurerm_client_config.current"
          ]
        }
      ]
    },
    {
      "mode": "managed",
      "type": "azurerm_kubernetes_cluster",
      "name": "aks",
      "provider": "provider[\"registry.terraform.io/hashicorp/azurerm\"]",
      "instances": [
        {
          "schema_version": 0,
          "attributes": {
            "addon_profile": [
              {
                "aci_connector_linux": [
                  {
                    "enabled": false,
                    "subnet_name": ""
                  }
                ],
                "azure_policy": [
                  {
                    "enabled": false
                  }
                ],
                "http_application_routing": [
                  {
                    "enabled": false,
                    "http_application_routing_zone_name": ""
                  }
                ],
                "kube_dashboard": [],
                "oms_agent": [
                  {
                    "enabled": false,
                    "log_analytics_workspace_id": "",
                    "oms_agent_identity": []
                  }
                ]
              }
            ],
            "api_server_authorized_ip_ranges": [],
            "auto_scaler_profile": [],
            "automatic_channel_upgrade": "",
            "default_node_pool": [
              {
                "availability_zones": [],
                "enable_auto_scaling": false,
                "enable_host_encryption": false,
                "enable_node_public_ip": false,
                "max_count": 0,
                "max_pods": 110,
                "min_count": 0,
                "name": "default",
                "node_count": 1,
                "node_labels": {},
                "node_taints": [],
                "only_critical_addons_enabled": false,
                "orchestrator_version": "1.19.9",
                "os_disk_size_gb": 128,
                "os_disk_type": "Managed",
                "proximity_placement_group_id": "",
                "tags": {},
                "type": "VirtualMachineScaleSets",
                "upgrade_settings": [],
                "vm_size": "Standard_D2_v2",
                "vnet_subnet_id": ""
              }
            ],
            "disk_encryption_set_id": "",
            "dns_prefix": "mvcminitwitaks",
            "enable_pod_security_policy": false,
            "fqdn": "mvcminitwitaks-e35f5ec2.hcp.westeurope.azmk8s.io",
            "id": "/subscriptions/5fe8fe9e-ec72-4c24-8d51-122c0378b2ba/resourcegroups/grouph-minitwit/providers/Microsoft.ContainerService/managedClusters/mvc-minitwit_aks",
            "identity": [
              {
                "principal_id": "beb07900-0188-4ab8-919b-edfae99b8fc2",
                "tenant_id": "bea229b6-7a08-4086-b44c-71f57f716bdb",
                "type": "SystemAssigned",
                "user_assigned_identity_id": ""
              }
            ],
            "kube_admin_config": [],
            "kube_admin_config_raw": "",
            "kube_config": [
              {
                "client_certificate": "LS0tLS1CRUdJTiBDRVJUSUZJQ0FURS0tLS0tCk1JSUZIVENDQXdXZ0F3SUJBZ0lRSFlsenhJTmJYZU9sUUZuV1E2aS9zVEFOQmdrcWhraUc5dzBCQVFzRkFEQU4KTVFzd0NRWURWUVFERXdKallUQWVGdzB5TVRBMU1ETXdPVE13TVRWYUZ3MHlNekExTURNd09UUXdNVFZhTURBeApGekFWQmdOVkJBb1REbk41YzNSbGJUcHRZWE4wWlhKek1SVXdFd1lEVlFRREV3eHRZWE4wWlhKamJHbGxiblF3CmdnSWlNQTBHQ1NxR1NJYjNEUUVCQVFVQUE0SUNEd0F3Z2dJS0FvSUNBUUNuUjFFYWcvVGRlQzhDbmhMV2hZUEYKeCtBTzcwQzRWTW1wUVJQT0xLdUFxVEdqNUMvVWRITmsvdnR2ZzhnKzdyZFFzUW9DSnpaVEZnclBmdktZN2JnOQpVUGhiMThXWWQweDRtcSsyVWhQK3NFbklyTDlrU3Bod090alBCOWpRdFU0RGF3R0RhYzVtZEM1Z291QklFeElpCmQ4NTVzQ0JyS1luRC92UFhEeHl4d0N3NWFBQ0xlV0VBRmNTNVhTNU5aaEp2Wi81SHZsMitabnFIYUlCOElvbnkKWllqY3Vrd1RCYm5pSU5OdnJMWVZsYUdwQXdrVWFZL2t6L0xmMWVtR1BXNyt0YTE2K29maVltOTdYZWM1RXRDQwpOdHZnVThGU3poS1A0M0JXb3FjWkN3ZHgwUWNrUDRuYXpNK2VkZWxodDNSNXB2TGRFanFLQjlSOHE5MVE2ZXVaCmdLSmpoZkR0T0ErTHhiWlZxbDB5R3ZhVTNvbUVrM1I5c2dsd2M5SS9vdTV5SXJINDN2RDhYdW83cTJmZDRVb08KM1V6dUV3b0tMWVRaY0k3MW14UElQMVhGRmxGVzZXZ1UzODM2MUwrb1VFeGZFVHZ1dDBEYmtOdWtDbWphemJhdwp4T25iZEYxZitlKzQ1MWthYWZyRnZrOE5vcVlzeWhrdHV4Y1gwWWhwWkhIMjh5T2NiQU1uOW42VFpNdkpUckJyCnhHVTRBVks2S1NjSXpjQ1gwWC9sRVc3Z3RNQUhFWWRXR0lzRFVGNnJjWWtCdE15UmxROVpjdzdnTmUvVkF5OVYKWTBsdU02YU1udHRqeHhoZ3F3djliWm53MTMrWXdrZi9yc0JES201NGN0SUZEQXlCM2dtTXlaK3F6bjJJTVVWMQphZ2VrcWlpaG9QRzljVldKMWg1QXRRSURBUUFCbzFZd1ZEQU9CZ05WSFE4QkFmOEVCQU1DQmFBd0V3WURWUjBsCkJBd3dDZ1lJS3dZQkJRVUhBd0l3REFZRFZSMFRBUUgvQkFJd0FEQWZCZ05WSFNNRUdEQVdnQlNQdUFWbytSZ1MKMlE0VEt3c1BwZ0xZaTlVWTFEQU5CZ2txaGtpRzl3MEJBUXNGQUFPQ0FnRUFzUWZqc3U0aGhqdlNOZ2dpUy9KRApVeUZyQVc1YWNxWUUvbHMxK3BsdDdBenRVMWVGY2psSXUreFpSQlZ3M0RXbWlIU2RkdWppd0tzbEpkMElncDcwCkdJU3lhMy9YdllKYTVhekgrTnNYdnRGVlUzeXNkYndhdjg3Rk81Mk9SRUoxTkpTKzE5NW1zUkw1dnJyWGZYZDUKRklITU5Odnd2WlExL21mSHM2Vi9vRW1ia2w0T1RnNzFTbFljNjU1LzU1WE1Wb2FGQmdCMVUzYmNvaC9YODdzNQpsZW5BQm10SWFrMndTb1VOVjA0cjhIaE5lamZCazRFeGhGbitqbk1NZ3FoSTFxUHBNa1JRbFZkR3RMYy83ZEVmCllFOGpaS0NQL2dJZDNEZTVrQ2x1aFdoMUY2cFBnU2JTNWRpN2ozZy9KYTEvQWtmNDVEN0JaalZXaW1NQ2g1YXIKRXhCZDNVbTd0L2ZXeXFGZ0FkR0pYV1RmYmpINGRNWlBHdm1zdDlya1RaRWJVT2JlS1dSUzBncFlhM2d1SEZ5NAp2ZnBjTS9UN29ZdkwrWWxyUWsvRnJIT2RuUzduaVB1S0RaN1NCank0eENNT243NkV2NlV2VDNSQVN1VU1RRnFNClpSZGYzQzV1WGhFckhsRVE1NTRsaEcvUlZiVVBkZzNXdHJCYkVBdDQrbnFyMkZ6QWJHTHFyK2xVQkhqYytobmsKeis2Ymg5TlpRS1ljWjE5NnIwa2hKbTliRGpaUnpFTmc4VGZ5ZGVLT1B2Y01SZEQzLy9KSjFCbGZzNjhjVDhSSApFVmMxWWxGRXQxbEtjVjNRaEEwc3BMN3RtTHBvZW44QVVYamFXNVg4TkJaOFl1RThhWVlzakxBWjFZQjM2ViswCnZtWEh4MGI4TEUrcmhRRXpXWEtWUzJJPQotLS0tLUVORCBDRVJUSUZJQ0FURS0tLS0tCg==",
                "client_key": "LS0tLS1CRUdJTiBSU0EgUFJJVkFURSBLRVktLS0tLQpNSUlKS0FJQkFBS0NBZ0VBcDBkUkdvUDAzWGd2QXA0UzFvV0R4Y2ZnRHU5QXVGVEpxVUVUeml5cmdLa3hvK1F2CjFIUnpaUDc3YjRQSVB1NjNVTEVLQWljMlV4WUt6Mzd5bU8yNFBWRDRXOWZGbUhkTWVKcXZ0bElUL3JCSnlLeS8KWkVxWWNEcll6d2ZZMExWT0Eyc0JnMm5PWm5RdVlLTGdTQk1TSW5mT2ViQWdheW1Kdy83ejF3OGNzY0FzT1dnQQppM2xoQUJYRXVWMHVUV1lTYjJmK1I3NWR2bVo2aDJpQWZDS0o4bVdJM0xwTUV3VzU0aURUYjZ5MkZaV2hxUU1KCkZHbVA1TS95MzlYcGhqMXUvcld0ZXZxSDRtSnZlMTNuT1JMUWdqYmI0RlBCVXM0U2orTndWcUtuR1FzSGNkRUgKSkQrSjJzelBublhwWWJkMGVhYnkzUkk2aWdmVWZLdmRVT25ybVlDaVk0WHc3VGdQaThXMlZhcGRNaHIybE42SgpoSk4wZmJJSmNIUFNQNkx1Y2lLeCtON3cvRjdxTzZ0bjNlRktEdDFNN2hNS0NpMkUyWENPOVpzVHlEOVZ4UlpSClZ1bG9GTi9OK3RTL3FGQk1YeEU3N3JkQTI1RGJwQXBvMnMyMnNNVHAyM1JkWC9udnVPZFpHbW42eGI1UERhS20KTE1vWkxic1hGOUdJYVdSeDl2TWpuR3dESi9aK2syVEx5VTZ3YThSbE9BRlN1aWtuQ00zQWw5Ri81UkZ1NExUQQpCeEdIVmhpTEExQmVxM0dKQWJUTWtaVVBXWE1PNERYdjFRTXZWV05KYmpPbWpKN2JZOGNZWUtzTC9XMlo4TmQvCm1NSkgvNjdBUXlwdWVITFNCUXdNZ2Q0SmpNbWZxczU5aURGRmRXb0hwS29vb2FEeHZYRlZpZFllUUxVQ0F3RUEKQVFLQ0FnQlg4azdadWZiTFdaeWRxNjRMeXpaMGpabG5RTEt1TnlXdkx0L1N6Zmw5TTNjOXk0SzZHRjl6QWZ2LwpyVEZpcE84TUpZZzFpWmd1SnJDWVZ3NEZDVGFNUmozTlM2dy9kTGxuenl3Q2x6U2IrdU5QOWtMSjM4NDFjenI1CjNnNUg3SXFQa1hyQ05LYW5odjI3SU9iNS9jelRBbG96OEQyYkdjT3NvQ1pqTXpiSzNWWmkrQ01STVVlbVc4dUsKQ1V1R3RkdUxad2x4ZnN5YWhoWjFpcVBDb0FZV3d2c3AwV2lkdDZ6N0RuY2JoNXBUenMrbnBFanB5blkwdm4vYQozd1JmNTN5cnZhanZ0emdwOWNiVy9ZL0xtZkMyQlZHa3AyUkV2TU5Wa3laRTVrOGtBNEJ1Zm85YXAyMDY4K05VClZIblhQalNtb1BlZTh5NkQwNG9MNGZBQjBucGk2R3FlN0d2dnNzR0tVNkIxVDR4cnNncWgxVCtGUnRVMUV2NGUKMmxwdG5YM1UvVEhXZ2FnZFFiL3NnTmZQOExMaHNDaUQzanNaUlRDMTVlbWZRNlVISnpFV0pnc1lONC9mcVQrQgoxR25YZk9XenYwam5OTERtdHRMQUxuNFFkUWJMRlExTHNHVTlqZHV5ZU5IQ1p1d3BMdFcxVHQ3ajlsNE15Z2RsCm5SMGpsK3hqZ0ZoWHYxcVVnY1JOREdFZDZCUTZxSGRXVEVxRUhkcVljblA5dkpobGVzU3ljMSsxNzdpS005WksKdTViZ1JHcE5vQkNpV3B5VEhDMVVCUDdRSGNZTVMvN253WHR2a3gxSWJ0TVhlRjBhWXAwWHlGQWh1ZkJUODVNWQpiMjRCb0ZzOUo3bmtzRC9OaXAwenhIWkppWHVaNEhXVEs2YUxLL0M3N0I4ZkUraW1JUUtDQVFFQXlhUEJhTGJyCjdFR24rV2tQb1dZVXFrRUUySkMwN1VkSmJlaWFoM3RsdThOQ3JlWjZwOWxXd2wvSzBKRHRSaU9KSTZnc3poRmIKYmt5Y25CM1pkdlZsSmZLUGEwbjMzbXlJOHVha0xtbVN3TnlWRDljTEN4eGZydFdFa0toRCsrc1p6amdYU0poYgpOMDJGMGZFdlRnR1cwd2E5NGdIWGxlODNYbTFVMHF5SWVZM2ZNQXZ6ZmNvcHkxb1R0U2JSNjJxaEc3SjBwTUFrCmNBUzVhVHR0QlduZURmWGE3VEg1OE55enE3VW5VaWdrQ25tcC9BRzIyWFc3Rnk2ck1CYWhzSVNFZHBJaFNldW0KZkhoYmlyNmJYaTR0RUpqcnJLU28wclk5dkk3dkJteDludkxzcDA0eG44VVlJemU2b0VTcEs4blh2WUl1elRCOAozZ3BKc1l2VXVHcVhEd0tDQVFFQTFHQWQzeGV0dkY3d3h0QVhCUGhXenpwdi9MQ0QveU1TRm5TL29XRFdSeUs2CkN4OWtaS0haUDlhWUZBdmt0dkpSWmFRaGN4cGpRaVdyZzR6VVBjT2FzNi9ua3FaaGxEbDhwRGVPbklCdlF3VW0KL1RMcHdNUkpxT1NiZEV3SjdaNHRuRmg4RnZXWVF6K1cyTDlqSzFHdmxKSUxJSHdEUWt1VXRGelo5dTdrdmxBQgp5MU5rL3Jxb2ZHTnoybFdvcnMxMzhoYnM4UHZKak92djFveUpQWExMZmhQUjh1MjhweEZGRXlPNzRlaVRyb3QrClpnSU44Y0dUODU0NnRpNG90WGVRcUNqNlNvZno0QlBHV1FoNDFsQVh6MTNuZDdXWVR3TUF2a0EzeFJpOG02cVMKQ3BVMWV1dWNzWUFrUEdtZ0ZBSE5YMS90ai92MDFmUnBJaE55U1BtTCt3S0NBUUVBbHE0R2hBZmR1VWsvQ3dSVgpwOWl1cktPMXlWZ3B1LzYvZ3FDRmlhVE8yMGNJOXdiNnRaK1dVOTVkb3dvS0paVzhqNmJIQko2MzRtN2h3VkFWCkIrNU5UZFE3RklQTDlLektraW1FbXlKTmhrM1FIbXdtVm9FM2gyRUxsVVlJdDZKeVFFWnVMOU9hcG5NS0ExN20KYUxhTFROc0czbk5kOVM4MEF4NVVlckp2c2RZdzZLaWxwbVNDWXZISE5HSDBFS1k0Q29pSzNlcXZ6LzNYeUNtZQpTS05hU3Joa2gwZ0hiTlNnZHpvQ1RrU3MyaDhjeGJOS1Bxclp5bk1YZmZJTGxlc1JTY0hkbW0yOGxkc2pIVVZlCnVUeHNkTEN4dk91M05PNzJwNGR3V3k2TG1WSVRRdHNOL2tTOHl1U0VVK3U3TjN1MyttZmtMWFdFZWpEWjdSRi8KUHVoNFJRS0NBUUIrUkl0ZUdlRDA3Mm11ZXdoRXJ6WkZ6VlBKNUZVR2U1NkVkWE4rQ21vOEx4eDRBbmtaRDlWdwpEREd0TVlrUmNLOE9oSEJTMUN5UnBuMzhIOTRNdnVDYTF3b1MraE5vSW1uRjVUWklQR0JxYzRURDQrSnc5d05vCmhFc2M4Unl5QjJyTTJ4c2tOMjhKQktTMlI4dzVkRDYxVWNPRjA5WElNOUc5RHJ1VkFtSkQrS09vZFBQR004cDYKOGxKdVRLR1hGSmlzK2c1MEZPKzNkb3ZKZnhNVjBzdkVNUnFSbWVHaFh6WTNjL2FBRVZ6RTJURVVpMElwSzlQQQpjNklxc1BVSk40WnRSTGZUV2xPWU5ZbW5ZODhjZE5CRFBXeWlrdmgwZWErV2JlMzZwSU4yOWdvUWVyZ3FWaTE2CnAxcGtCTlRsTUZFZjFKUVZHRk53WmZtZ0JmbmNBMnJEQW9JQkFFVElFZExtY2JrQTcxMEwvNXZnQ3BBc3MwaWQKajQwMWhPVXNhVnpRMlJGMTNOUE9GVHhhSmJaUEtOU1JpVldtQ1JJREFnWU8yRkxUZUlSUDNIaWxFc1U0aEloVAoraWQwb1ZCblhiZ1lma0VoODZBYmRtdEwraHVBUVpFL3pRbDV1UHlRZm54T0NHSDgrb3RmTW4xeXBjYTFJRnVBCnhzWlFoMUlEUTRXQ2NDTWxJQW5GVDN0Q2pHZXFIVDJxekcyRGlrNzVXWFNwYSthQm5jdmRTSUt6bDNKejlKdTUKWitNMGphYkNrVjBjTUFHN01TdDk0eTJjdXB4M1Izc28zTkxleDhaM0hPdm5ZaUxOQzRWenFEdWhDbVBtTm4ybApVdm5wcUQ5Z2tlL2s5RnZJaGx2bTU2QjRHaWszbTNEdXMvaHFjdWsvb2pqSDRUUi9YNVBES2hlUFFSaz0KLS0tLS1FTkQgUlNBIFBSSVZBVEUgS0VZLS0tLS0K",
                "cluster_ca_certificate": "LS0tLS1CRUdJTiBDRVJUSUZJQ0FURS0tLS0tCk1JSUU2RENDQXRDZ0F3SUJBZ0lRSXlsTXJUOXZFak0zNEx5aWlreHJSakFOQmdrcWhraUc5dzBCQVFzRkFEQU4KTVFzd0NRWURWUVFERXdKallUQWdGdzB5TVRBMU1ETXdPVE13TVRWYUdBOHlNRFV4TURVd016QTVOREF4TlZvdwpEVEVMTUFrR0ExVUVBeE1DWTJFd2dnSWlNQTBHQ1NxR1NJYjNEUUVCQVFVQUE0SUNEd0F3Z2dJS0FvSUNBUUMwCktSd2EwK2ZLYlh3TGQyQ2tObkNLVldtdENJalJ5aFVEdHNRL01xVzdrcGZBYjFudkQzZHRrVi8xQy80Y0tDejUKcVNuS25tcFZXRlhoYjZHWEZGK2d3cjBSaFNJUkJDT1ZVUStZWjlIL01rejBxS1k1bGdSOUk3L0dqdGxvZGFWNgpoNXNhc1VIL3RHMjN6aTBJbDk3MUhNZGg1QWtiSWlUcGNjc0FnWitRWVR4cmlkL1VSREdVREt5ZUREUjNrc3VzCi9rbXZzYU1kSFpXb3BkejlyWVV6cHBzWnlKVU5PN25OZXorU2RrUVFhUWV2SDhubGZYc1BtRGE5dkNUcUFkOWcKSldHWG4vb1dEL0F3OWJKcXVVZFRYWWU4L3U3Z0FNVHo4SjlwMTM1T2VzVlRzdDU4RlFMd3ozRksrNlhHa0JDcwpySkYyM1JaODhmNSszVTNtVk1qL2ZuRUI2eE9IUGFrSERJWXN0ZlkzV2tQYUg3YzNwSm94SzdRTE83ZFNlU3plCnl6ZXZxM0x0NGY2VmM0TFkvL3V4MzFxTXVSenFValpYaHBPZTJVdWswQzhTdTJsWmpQSTBZRVM4Nk9sZzdpRVEKVXNBR2xsVy9tV04wTXAzVERuTXR1T1ZPZEdnbkxXL3F2Wkh1RElhWFNTeUZtSXozMzNocFBPczNLZW9lSjJQegpaQVY2dkplYlRkZnZLenAxUzVSQTJmaE4wSW1uYlc3QXdsN1RsT2Nyd0F6U1ovL3cxU1NKUDhiM3IwZTRhZkdaClpFVW50Z2wyYm5pYlZrak93SVFQU3grTGlwTUp4YncycTNQR0V2UTJsWnl3K01iMXBNdWRMREZCWitLYnIyNzkKYlU2QzBtVldxaXpOYncvNXU3bVIxK2ppeGlzRXJ0c0tQYzlaeFNjVmp3SURBUUFCbzBJd1FEQU9CZ05WSFE4QgpBZjhFQkFNQ0FxUXdEd1lEVlIwVEFRSC9CQVV3QXdFQi96QWRCZ05WSFE0RUZnUVVqN2dGYVBrWUV0a09FeXNMCkQ2WUMySXZWR05Rd0RRWUpLb1pJaHZjTkFRRUxCUUFEZ2dJQkFCV3l1ZVNSTFJMbEUvNCtPVUdVNHlrcWgxM2oKMXVKcGdtTmkxODVZOUhKcWZXaW5NNDNSc0d2ajNKYVdudUF0MWZPdDlQYmQ2MGN0azZNcUo5S1NYNzlZa1EwSgpjaTJYa2d1WFpGQ0ZQQUVJdnRpalZVRXc0aVJOZlBUYVAyZUFXc1E3QjRqMFNMeGo5a01hKzFoTUg4R2dLWjlzCnJJdlQvSzllSUN0RlBnaUoxTnhsWm9YRzJpV2NOcC9PeitSMDdMVDJIa0xRSElLWDlPK2wyS1JDNHh4UlcwNEEKY0JKVzhkUjl2UlVCYTVpUkJHbW0reUdKV2VPN21obkxwK1N6VVZlYW5LVXVLSUdOc1U1dHM2c2p3a0g0QmdrMgpFVGJVWmFodG5OMzQ1ZkZPNlZmNnBLdXB2dWtRRnNlZ20xcVQ3VHlpWjhPRjR1NXk2Z1ZRVytiT2ZkRU5WRkpiCkxMN2M4UmVpVVliaU5tYy91VUpNRUw3aHVYN2JnalNOOGhhSEV6bkVBMzN2cjlhSFhQaEdtV3U2RHVubVdIKzAKN2JNbE1XTy9pbEN4K0lmOWhHaFp5SUVVdTQ4Q1RQK3lBZklBYngyMTkrdGtZVTVoc2p1cllpVGVwR1RYckxaQwpTUWxzYTFJblRmK1NlQkllbXh0RXVHcXdPMXFydnIyVThrTFdqY3FTbThPNXVRNTZGRTF1TVN3clZKeVUxZkV3CitGcFg0THB4eU1ZSDNJT1czZnNtalFFci9NK3dmbHBIbDlnc2t4ZERhWXUwQ3dKV3gyTzZQd1ZRQ3ViN1hvcngKM1Q0UkdEcjlPaWdoVExYOFZKODlUeE9yRVdLeWNzWXlzMEo1dkZ2aEpkdWR2OS8wNXpmeDlRSjVSU1FGd1A4cQphS2pnZ0JhRGhzVSsyYWJzCi0tLS0tRU5EIENFUlRJRklDQVRFLS0tLS0K",
                "host": "https://mvcminitwitaks-e35f5ec2.hcp.westeurope.azmk8s.io:443",
                "password": "a865ccca086887c43934a7e09988b25018f0b1a0d1971482b788a13a714aeba8cfde6a0885c45491f3985e2b1bb52c585fdc1f4ffccbc24fdde79674a3b438f7",
                "username": "clusterUser_grouph-minitwit_mvc-minitwit_aks"
              }
            ],
            "kube_config_raw": "apiVersion: v1\nclusters:\n- cluster:\n    certificate-authority-data: LS0tLS1CRUdJTiBDRVJUSUZJQ0FURS0tLS0tCk1JSUU2RENDQXRDZ0F3SUJBZ0lRSXlsTXJUOXZFak0zNEx5aWlreHJSakFOQmdrcWhraUc5dzBCQVFzRkFEQU4KTVFzd0NRWURWUVFERXdKallUQWdGdzB5TVRBMU1ETXdPVE13TVRWYUdBOHlNRFV4TURVd016QTVOREF4TlZvdwpEVEVMTUFrR0ExVUVBeE1DWTJFd2dnSWlNQTBHQ1NxR1NJYjNEUUVCQVFVQUE0SUNEd0F3Z2dJS0FvSUNBUUMwCktSd2EwK2ZLYlh3TGQyQ2tObkNLVldtdENJalJ5aFVEdHNRL01xVzdrcGZBYjFudkQzZHRrVi8xQy80Y0tDejUKcVNuS25tcFZXRlhoYjZHWEZGK2d3cjBSaFNJUkJDT1ZVUStZWjlIL01rejBxS1k1bGdSOUk3L0dqdGxvZGFWNgpoNXNhc1VIL3RHMjN6aTBJbDk3MUhNZGg1QWtiSWlUcGNjc0FnWitRWVR4cmlkL1VSREdVREt5ZUREUjNrc3VzCi9rbXZzYU1kSFpXb3BkejlyWVV6cHBzWnlKVU5PN25OZXorU2RrUVFhUWV2SDhubGZYc1BtRGE5dkNUcUFkOWcKSldHWG4vb1dEL0F3OWJKcXVVZFRYWWU4L3U3Z0FNVHo4SjlwMTM1T2VzVlRzdDU4RlFMd3ozRksrNlhHa0JDcwpySkYyM1JaODhmNSszVTNtVk1qL2ZuRUI2eE9IUGFrSERJWXN0ZlkzV2tQYUg3YzNwSm94SzdRTE83ZFNlU3plCnl6ZXZxM0x0NGY2VmM0TFkvL3V4MzFxTXVSenFValpYaHBPZTJVdWswQzhTdTJsWmpQSTBZRVM4Nk9sZzdpRVEKVXNBR2xsVy9tV04wTXAzVERuTXR1T1ZPZEdnbkxXL3F2Wkh1RElhWFNTeUZtSXozMzNocFBPczNLZW9lSjJQegpaQVY2dkplYlRkZnZLenAxUzVSQTJmaE4wSW1uYlc3QXdsN1RsT2Nyd0F6U1ovL3cxU1NKUDhiM3IwZTRhZkdaClpFVW50Z2wyYm5pYlZrak93SVFQU3grTGlwTUp4YncycTNQR0V2UTJsWnl3K01iMXBNdWRMREZCWitLYnIyNzkKYlU2QzBtVldxaXpOYncvNXU3bVIxK2ppeGlzRXJ0c0tQYzlaeFNjVmp3SURBUUFCbzBJd1FEQU9CZ05WSFE4QgpBZjhFQkFNQ0FxUXdEd1lEVlIwVEFRSC9CQVV3QXdFQi96QWRCZ05WSFE0RUZnUVVqN2dGYVBrWUV0a09FeXNMCkQ2WUMySXZWR05Rd0RRWUpLb1pJaHZjTkFRRUxCUUFEZ2dJQkFCV3l1ZVNSTFJMbEUvNCtPVUdVNHlrcWgxM2oKMXVKcGdtTmkxODVZOUhKcWZXaW5NNDNSc0d2ajNKYVdudUF0MWZPdDlQYmQ2MGN0azZNcUo5S1NYNzlZa1EwSgpjaTJYa2d1WFpGQ0ZQQUVJdnRpalZVRXc0aVJOZlBUYVAyZUFXc1E3QjRqMFNMeGo5a01hKzFoTUg4R2dLWjlzCnJJdlQvSzllSUN0RlBnaUoxTnhsWm9YRzJpV2NOcC9PeitSMDdMVDJIa0xRSElLWDlPK2wyS1JDNHh4UlcwNEEKY0JKVzhkUjl2UlVCYTVpUkJHbW0reUdKV2VPN21obkxwK1N6VVZlYW5LVXVLSUdOc1U1dHM2c2p3a0g0QmdrMgpFVGJVWmFodG5OMzQ1ZkZPNlZmNnBLdXB2dWtRRnNlZ20xcVQ3VHlpWjhPRjR1NXk2Z1ZRVytiT2ZkRU5WRkpiCkxMN2M4UmVpVVliaU5tYy91VUpNRUw3aHVYN2JnalNOOGhhSEV6bkVBMzN2cjlhSFhQaEdtV3U2RHVubVdIKzAKN2JNbE1XTy9pbEN4K0lmOWhHaFp5SUVVdTQ4Q1RQK3lBZklBYngyMTkrdGtZVTVoc2p1cllpVGVwR1RYckxaQwpTUWxzYTFJblRmK1NlQkllbXh0RXVHcXdPMXFydnIyVThrTFdqY3FTbThPNXVRNTZGRTF1TVN3clZKeVUxZkV3CitGcFg0THB4eU1ZSDNJT1czZnNtalFFci9NK3dmbHBIbDlnc2t4ZERhWXUwQ3dKV3gyTzZQd1ZRQ3ViN1hvcngKM1Q0UkdEcjlPaWdoVExYOFZKODlUeE9yRVdLeWNzWXlzMEo1dkZ2aEpkdWR2OS8wNXpmeDlRSjVSU1FGd1A4cQphS2pnZ0JhRGhzVSsyYWJzCi0tLS0tRU5EIENFUlRJRklDQVRFLS0tLS0K\n    server: https://mvcminitwitaks-e35f5ec2.hcp.westeurope.azmk8s.io:443\n  name: mvc-minitwit_aks\ncontexts:\n- context:\n    cluster: mvc-minitwit_aks\n    user: clusterUser_grouph-minitwit_mvc-minitwit_aks\n  name: mvc-minitwit_aks\ncurrent-context: mvc-minitwit_aks\nkind: Config\npreferences: {}\nusers:\n- name: clusterUser_grouph-minitwit_mvc-minitwit_aks\n  user:\n    client-certificate-data: LS0tLS1CRUdJTiBDRVJUSUZJQ0FURS0tLS0tCk1JSUZIVENDQXdXZ0F3SUJBZ0lRSFlsenhJTmJYZU9sUUZuV1E2aS9zVEFOQmdrcWhraUc5dzBCQVFzRkFEQU4KTVFzd0NRWURWUVFERXdKallUQWVGdzB5TVRBMU1ETXdPVE13TVRWYUZ3MHlNekExTURNd09UUXdNVFZhTURBeApGekFWQmdOVkJBb1REbk41YzNSbGJUcHRZWE4wWlhKek1SVXdFd1lEVlFRREV3eHRZWE4wWlhKamJHbGxiblF3CmdnSWlNQTBHQ1NxR1NJYjNEUUVCQVFVQUE0SUNEd0F3Z2dJS0FvSUNBUUNuUjFFYWcvVGRlQzhDbmhMV2hZUEYKeCtBTzcwQzRWTW1wUVJQT0xLdUFxVEdqNUMvVWRITmsvdnR2ZzhnKzdyZFFzUW9DSnpaVEZnclBmdktZN2JnOQpVUGhiMThXWWQweDRtcSsyVWhQK3NFbklyTDlrU3Bod090alBCOWpRdFU0RGF3R0RhYzVtZEM1Z291QklFeElpCmQ4NTVzQ0JyS1luRC92UFhEeHl4d0N3NWFBQ0xlV0VBRmNTNVhTNU5aaEp2Wi81SHZsMitabnFIYUlCOElvbnkKWllqY3Vrd1RCYm5pSU5OdnJMWVZsYUdwQXdrVWFZL2t6L0xmMWVtR1BXNyt0YTE2K29maVltOTdYZWM1RXRDQwpOdHZnVThGU3poS1A0M0JXb3FjWkN3ZHgwUWNrUDRuYXpNK2VkZWxodDNSNXB2TGRFanFLQjlSOHE5MVE2ZXVaCmdLSmpoZkR0T0ErTHhiWlZxbDB5R3ZhVTNvbUVrM1I5c2dsd2M5SS9vdTV5SXJINDN2RDhYdW83cTJmZDRVb08KM1V6dUV3b0tMWVRaY0k3MW14UElQMVhGRmxGVzZXZ1UzODM2MUwrb1VFeGZFVHZ1dDBEYmtOdWtDbWphemJhdwp4T25iZEYxZitlKzQ1MWthYWZyRnZrOE5vcVlzeWhrdHV4Y1gwWWhwWkhIMjh5T2NiQU1uOW42VFpNdkpUckJyCnhHVTRBVks2S1NjSXpjQ1gwWC9sRVc3Z3RNQUhFWWRXR0lzRFVGNnJjWWtCdE15UmxROVpjdzdnTmUvVkF5OVYKWTBsdU02YU1udHRqeHhoZ3F3djliWm53MTMrWXdrZi9yc0JES201NGN0SUZEQXlCM2dtTXlaK3F6bjJJTVVWMQphZ2VrcWlpaG9QRzljVldKMWg1QXRRSURBUUFCbzFZd1ZEQU9CZ05WSFE4QkFmOEVCQU1DQmFBd0V3WURWUjBsCkJBd3dDZ1lJS3dZQkJRVUhBd0l3REFZRFZSMFRBUUgvQkFJd0FEQWZCZ05WSFNNRUdEQVdnQlNQdUFWbytSZ1MKMlE0VEt3c1BwZ0xZaTlVWTFEQU5CZ2txaGtpRzl3MEJBUXNGQUFPQ0FnRUFzUWZqc3U0aGhqdlNOZ2dpUy9KRApVeUZyQVc1YWNxWUUvbHMxK3BsdDdBenRVMWVGY2psSXUreFpSQlZ3M0RXbWlIU2RkdWppd0tzbEpkMElncDcwCkdJU3lhMy9YdllKYTVhekgrTnNYdnRGVlUzeXNkYndhdjg3Rk81Mk9SRUoxTkpTKzE5NW1zUkw1dnJyWGZYZDUKRklITU5Odnd2WlExL21mSHM2Vi9vRW1ia2w0T1RnNzFTbFljNjU1LzU1WE1Wb2FGQmdCMVUzYmNvaC9YODdzNQpsZW5BQm10SWFrMndTb1VOVjA0cjhIaE5lamZCazRFeGhGbitqbk1NZ3FoSTFxUHBNa1JRbFZkR3RMYy83ZEVmCllFOGpaS0NQL2dJZDNEZTVrQ2x1aFdoMUY2cFBnU2JTNWRpN2ozZy9KYTEvQWtmNDVEN0JaalZXaW1NQ2g1YXIKRXhCZDNVbTd0L2ZXeXFGZ0FkR0pYV1RmYmpINGRNWlBHdm1zdDlya1RaRWJVT2JlS1dSUzBncFlhM2d1SEZ5NAp2ZnBjTS9UN29ZdkwrWWxyUWsvRnJIT2RuUzduaVB1S0RaN1NCank0eENNT243NkV2NlV2VDNSQVN1VU1RRnFNClpSZGYzQzV1WGhFckhsRVE1NTRsaEcvUlZiVVBkZzNXdHJCYkVBdDQrbnFyMkZ6QWJHTHFyK2xVQkhqYytobmsKeis2Ymg5TlpRS1ljWjE5NnIwa2hKbTliRGpaUnpFTmc4VGZ5ZGVLT1B2Y01SZEQzLy9KSjFCbGZzNjhjVDhSSApFVmMxWWxGRXQxbEtjVjNRaEEwc3BMN3RtTHBvZW44QVVYamFXNVg4TkJaOFl1RThhWVlzakxBWjFZQjM2ViswCnZtWEh4MGI4TEUrcmhRRXpXWEtWUzJJPQotLS0tLUVORCBDRVJUSUZJQ0FURS0tLS0tCg==\n    client-key-data: LS0tLS1CRUdJTiBSU0EgUFJJVkFURSBLRVktLS0tLQpNSUlKS0FJQkFBS0NBZ0VBcDBkUkdvUDAzWGd2QXA0UzFvV0R4Y2ZnRHU5QXVGVEpxVUVUeml5cmdLa3hvK1F2CjFIUnpaUDc3YjRQSVB1NjNVTEVLQWljMlV4WUt6Mzd5bU8yNFBWRDRXOWZGbUhkTWVKcXZ0bElUL3JCSnlLeS8KWkVxWWNEcll6d2ZZMExWT0Eyc0JnMm5PWm5RdVlLTGdTQk1TSW5mT2ViQWdheW1Kdy83ejF3OGNzY0FzT1dnQQppM2xoQUJYRXVWMHVUV1lTYjJmK1I3NWR2bVo2aDJpQWZDS0o4bVdJM0xwTUV3VzU0aURUYjZ5MkZaV2hxUU1KCkZHbVA1TS95MzlYcGhqMXUvcld0ZXZxSDRtSnZlMTNuT1JMUWdqYmI0RlBCVXM0U2orTndWcUtuR1FzSGNkRUgKSkQrSjJzelBublhwWWJkMGVhYnkzUkk2aWdmVWZLdmRVT25ybVlDaVk0WHc3VGdQaThXMlZhcGRNaHIybE42SgpoSk4wZmJJSmNIUFNQNkx1Y2lLeCtON3cvRjdxTzZ0bjNlRktEdDFNN2hNS0NpMkUyWENPOVpzVHlEOVZ4UlpSClZ1bG9GTi9OK3RTL3FGQk1YeEU3N3JkQTI1RGJwQXBvMnMyMnNNVHAyM1JkWC9udnVPZFpHbW42eGI1UERhS20KTE1vWkxic1hGOUdJYVdSeDl2TWpuR3dESi9aK2syVEx5VTZ3YThSbE9BRlN1aWtuQ00zQWw5Ri81UkZ1NExUQQpCeEdIVmhpTEExQmVxM0dKQWJUTWtaVVBXWE1PNERYdjFRTXZWV05KYmpPbWpKN2JZOGNZWUtzTC9XMlo4TmQvCm1NSkgvNjdBUXlwdWVITFNCUXdNZ2Q0SmpNbWZxczU5aURGRmRXb0hwS29vb2FEeHZYRlZpZFllUUxVQ0F3RUEKQVFLQ0FnQlg4azdadWZiTFdaeWRxNjRMeXpaMGpabG5RTEt1TnlXdkx0L1N6Zmw5TTNjOXk0SzZHRjl6QWZ2LwpyVEZpcE84TUpZZzFpWmd1SnJDWVZ3NEZDVGFNUmozTlM2dy9kTGxuenl3Q2x6U2IrdU5QOWtMSjM4NDFjenI1CjNnNUg3SXFQa1hyQ05LYW5odjI3SU9iNS9jelRBbG96OEQyYkdjT3NvQ1pqTXpiSzNWWmkrQ01STVVlbVc4dUsKQ1V1R3RkdUxad2x4ZnN5YWhoWjFpcVBDb0FZV3d2c3AwV2lkdDZ6N0RuY2JoNXBUenMrbnBFanB5blkwdm4vYQozd1JmNTN5cnZhanZ0emdwOWNiVy9ZL0xtZkMyQlZHa3AyUkV2TU5Wa3laRTVrOGtBNEJ1Zm85YXAyMDY4K05VClZIblhQalNtb1BlZTh5NkQwNG9MNGZBQjBucGk2R3FlN0d2dnNzR0tVNkIxVDR4cnNncWgxVCtGUnRVMUV2NGUKMmxwdG5YM1UvVEhXZ2FnZFFiL3NnTmZQOExMaHNDaUQzanNaUlRDMTVlbWZRNlVISnpFV0pnc1lONC9mcVQrQgoxR25YZk9XenYwam5OTERtdHRMQUxuNFFkUWJMRlExTHNHVTlqZHV5ZU5IQ1p1d3BMdFcxVHQ3ajlsNE15Z2RsCm5SMGpsK3hqZ0ZoWHYxcVVnY1JOREdFZDZCUTZxSGRXVEVxRUhkcVljblA5dkpobGVzU3ljMSsxNzdpS005WksKdTViZ1JHcE5vQkNpV3B5VEhDMVVCUDdRSGNZTVMvN253WHR2a3gxSWJ0TVhlRjBhWXAwWHlGQWh1ZkJUODVNWQpiMjRCb0ZzOUo3bmtzRC9OaXAwenhIWkppWHVaNEhXVEs2YUxLL0M3N0I4ZkUraW1JUUtDQVFFQXlhUEJhTGJyCjdFR24rV2tQb1dZVXFrRUUySkMwN1VkSmJlaWFoM3RsdThOQ3JlWjZwOWxXd2wvSzBKRHRSaU9KSTZnc3poRmIKYmt5Y25CM1pkdlZsSmZLUGEwbjMzbXlJOHVha0xtbVN3TnlWRDljTEN4eGZydFdFa0toRCsrc1p6amdYU0poYgpOMDJGMGZFdlRnR1cwd2E5NGdIWGxlODNYbTFVMHF5SWVZM2ZNQXZ6ZmNvcHkxb1R0U2JSNjJxaEc3SjBwTUFrCmNBUzVhVHR0QlduZURmWGE3VEg1OE55enE3VW5VaWdrQ25tcC9BRzIyWFc3Rnk2ck1CYWhzSVNFZHBJaFNldW0KZkhoYmlyNmJYaTR0RUpqcnJLU28wclk5dkk3dkJteDludkxzcDA0eG44VVlJemU2b0VTcEs4blh2WUl1elRCOAozZ3BKc1l2VXVHcVhEd0tDQVFFQTFHQWQzeGV0dkY3d3h0QVhCUGhXenpwdi9MQ0QveU1TRm5TL29XRFdSeUs2CkN4OWtaS0haUDlhWUZBdmt0dkpSWmFRaGN4cGpRaVdyZzR6VVBjT2FzNi9ua3FaaGxEbDhwRGVPbklCdlF3VW0KL1RMcHdNUkpxT1NiZEV3SjdaNHRuRmg4RnZXWVF6K1cyTDlqSzFHdmxKSUxJSHdEUWt1VXRGelo5dTdrdmxBQgp5MU5rL3Jxb2ZHTnoybFdvcnMxMzhoYnM4UHZKak92djFveUpQWExMZmhQUjh1MjhweEZGRXlPNzRlaVRyb3QrClpnSU44Y0dUODU0NnRpNG90WGVRcUNqNlNvZno0QlBHV1FoNDFsQVh6MTNuZDdXWVR3TUF2a0EzeFJpOG02cVMKQ3BVMWV1dWNzWUFrUEdtZ0ZBSE5YMS90ai92MDFmUnBJaE55U1BtTCt3S0NBUUVBbHE0R2hBZmR1VWsvQ3dSVgpwOWl1cktPMXlWZ3B1LzYvZ3FDRmlhVE8yMGNJOXdiNnRaK1dVOTVkb3dvS0paVzhqNmJIQko2MzRtN2h3VkFWCkIrNU5UZFE3RklQTDlLektraW1FbXlKTmhrM1FIbXdtVm9FM2gyRUxsVVlJdDZKeVFFWnVMOU9hcG5NS0ExN20KYUxhTFROc0czbk5kOVM4MEF4NVVlckp2c2RZdzZLaWxwbVNDWXZISE5HSDBFS1k0Q29pSzNlcXZ6LzNYeUNtZQpTS05hU3Joa2gwZ0hiTlNnZHpvQ1RrU3MyaDhjeGJOS1Bxclp5bk1YZmZJTGxlc1JTY0hkbW0yOGxkc2pIVVZlCnVUeHNkTEN4dk91M05PNzJwNGR3V3k2TG1WSVRRdHNOL2tTOHl1U0VVK3U3TjN1MyttZmtMWFdFZWpEWjdSRi8KUHVoNFJRS0NBUUIrUkl0ZUdlRDA3Mm11ZXdoRXJ6WkZ6VlBKNUZVR2U1NkVkWE4rQ21vOEx4eDRBbmtaRDlWdwpEREd0TVlrUmNLOE9oSEJTMUN5UnBuMzhIOTRNdnVDYTF3b1MraE5vSW1uRjVUWklQR0JxYzRURDQrSnc5d05vCmhFc2M4Unl5QjJyTTJ4c2tOMjhKQktTMlI4dzVkRDYxVWNPRjA5WElNOUc5RHJ1VkFtSkQrS09vZFBQR004cDYKOGxKdVRLR1hGSmlzK2c1MEZPKzNkb3ZKZnhNVjBzdkVNUnFSbWVHaFh6WTNjL2FBRVZ6RTJURVVpMElwSzlQQQpjNklxc1BVSk40WnRSTGZUV2xPWU5ZbW5ZODhjZE5CRFBXeWlrdmgwZWErV2JlMzZwSU4yOWdvUWVyZ3FWaTE2CnAxcGtCTlRsTUZFZjFKUVZHRk53WmZtZ0JmbmNBMnJEQW9JQkFFVElFZExtY2JrQTcxMEwvNXZnQ3BBc3MwaWQKajQwMWhPVXNhVnpRMlJGMTNOUE9GVHhhSmJaUEtOU1JpVldtQ1JJREFnWU8yRkxUZUlSUDNIaWxFc1U0aEloVAoraWQwb1ZCblhiZ1lma0VoODZBYmRtdEwraHVBUVpFL3pRbDV1UHlRZm54T0NHSDgrb3RmTW4xeXBjYTFJRnVBCnhzWlFoMUlEUTRXQ2NDTWxJQW5GVDN0Q2pHZXFIVDJxekcyRGlrNzVXWFNwYSthQm5jdmRTSUt6bDNKejlKdTUKWitNMGphYkNrVjBjTUFHN01TdDk0eTJjdXB4M1Izc28zTkxleDhaM0hPdm5ZaUxOQzRWenFEdWhDbVBtTm4ybApVdm5wcUQ5Z2tlL2s5RnZJaGx2bTU2QjRHaWszbTNEdXMvaHFjdWsvb2pqSDRUUi9YNVBES2hlUFFSaz0KLS0tLS1FTkQgUlNBIFBSSVZBVEUgS0VZLS0tLS0K\n    token: a865ccca086887c43934a7e09988b25018f0b1a0d1971482b788a13a714aeba8cfde6a0885c45491f3985e2b1bb52c585fdc1f4ffccbc24fdde79674a3b438f7\n",
            "kubelet_identity": [
              {
                "client_id": "f856b121-17f5-4a75-a459-0522cad295b1",
                "object_id": "b7bbc98a-c718-44e7-8e6d-82ad22e85ad3",
                "user_assigned_identity_id": "/subscriptions/5fe8fe9e-ec72-4c24-8d51-122c0378b2ba/resourceGroups/MC_grouph-minitwit_mvc-minitwit_aks_westeurope/providers/Microsoft.ManagedIdentity/userAssignedIdentities/mvc-minitwit_aks-agentpool"
              }
            ],
            "kubernetes_version": "1.19.9",
            "linux_profile": [],
            "location": "westeurope",
            "name": "mvc-minitwit_aks",
            "network_profile": [
              {
                "dns_service_ip": "10.0.0.10",
                "docker_bridge_cidr": "172.17.0.1/16",
                "load_balancer_profile": [
                  {
                    "effective_outbound_ips": [
                      "/subscriptions/5fe8fe9e-ec72-4c24-8d51-122c0378b2ba/resourceGroups/MC_grouph-minitwit_mvc-minitwit_aks_westeurope/providers/Microsoft.Network/publicIPAddresses/e7213a33-7f97-4bd4-9bd1-66014f37d82b"
                    ],
                    "idle_timeout_in_minutes": 0,
                    "managed_outbound_ip_count": 1,
                    "outbound_ip_address_ids": [],
                    "outbound_ip_prefix_ids": [],
                    "outbound_ports_allocated": 0
                  }
                ],
                "load_balancer_sku": "Standard",
                "network_mode": "",
                "network_plugin": "kubenet",
                "network_policy": "",
                "outbound_type": "loadBalancer",
                "pod_cidr": "10.244.0.0/16",
                "service_cidr": "10.0.0.0/16"
              }
            ],
            "node_resource_group": "MC_grouph-minitwit_mvc-minitwit_aks_westeurope",
            "private_cluster_enabled": false,
            "private_dns_zone_id": "",
            "private_fqdn": "",
            "private_link_enabled": false,
            "resource_group_name": "grouph-minitwit",
            "role_based_access_control": [
              {
                "azure_active_directory": [],
                "enabled": false
              }
            ],
            "service_principal": [],
            "sku_tier": "Free",
            "tags": {},
            "timeouts": null,
            "windows_profile": []
          },
          "sensitive_attributes": [],
          "private": "eyJlMmJmYjczMC1lY2FhLTExZTYtOGY4OC0zNDM2M2JjN2M0YzAiOnsiY3JlYXRlIjo1NDAwMDAwMDAwMDAwLCJkZWxldGUiOjU0MDAwMDAwMDAwMDAsInJlYWQiOjMwMDAwMDAwMDAwMCwidXBkYXRlIjo1NDAwMDAwMDAwMDAwfX0=",
          "dependencies": [
            "azurerm_resource_group.grouphrg"
          ]
        }
      ]
    },
    {
      "mode": "managed",
      "type": "azurerm_resource_group",
      "name": "grouphrg",
      "provider": "provider[\"registry.terraform.io/hashicorp/azurerm\"]",
      "instances": [
        {
          "schema_version": 0,
          "attributes": {
            "id": "/subscriptions/5fe8fe9e-ec72-4c24-8d51-122c0378b2ba/resourceGroups/grouph-minitwit",
            "location": "westeurope",
            "name": "grouph-minitwit",
            "tags": {},
            "timeouts": null
          },
          "sensitive_attributes": [],
          "private": "eyJlMmJmYjczMC1lY2FhLTExZTYtOGY4OC0zNDM2M2JjN2M0YzAiOnsiY3JlYXRlIjo1NDAwMDAwMDAwMDAwLCJkZWxldGUiOjU0MDAwMDAwMDAwMDAsInJlYWQiOjMwMDAwMDAwMDAwMCwidXBkYXRlIjo1NDAwMDAwMDAwMDAwfX0="
        }
      ]
    },
    {
      "mode": "managed",
      "type": "azurerm_sql_database",
      "name": "sqldb",
      "provider": "provider[\"registry.terraform.io/hashicorp/azurerm\"]",
      "instances": [
        {
          "schema_version": 0,
          "attributes": {
            "collation": "SQL_Latin1_General_CP1_CI_AS",
            "create_mode": "Default",
            "creation_date": "2021-05-03T09:42:33.26Z",
            "default_secondary_location": "North Europe",
            "edition": "GeneralPurpose",
            "elastic_pool_name": "",
            "encryption": "",
            "extended_auditing_policy": [
              {
                "log_monitoring_enabled": true,
                "retention_in_days": 0,
                "storage_account_access_key": "3PHWGdIkjMxXmiRw0PFN5EthmR/QuriheeKjQ80DC03cH5JGDhaaKlUbu177zekMUDEwMcU+yUhjtpQoV0IcSg==",
                "storage_account_access_key_is_secondary": true,
                "storage_endpoint": "https://mvcminitwitstorage.blob.core.windows.net/"
              }
            ],
            "id": "/subscriptions/5fe8fe9e-ec72-4c24-8d51-122c0378b2ba/resourceGroups/grouph-minitwit/providers/Microsoft.Sql/servers/mvc-minitwit-server/databases/mvc-minitwit-db",
            "import": [],
            "location": "westeurope",
            "max_size_bytes": "34359738368",
            "max_size_gb": null,
            "name": "mvc-minitwit-db",
            "read_scale": false,
            "requested_service_objective_id": "f21733ad-9b9b-4d4e-a4fa-94a133c41718",
            "requested_service_objective_name": "GP_Gen5_2",
            "resource_group_name": "grouph-minitwit",
            "restore_point_in_time": null,
            "server_name": "mvc-minitwit-server",
            "source_database_deletion_date": null,
            "source_database_id": null,
            "tags": {
              "environment": "production"
            },
            "threat_detection_policy": [
              {
                "disabled_alerts": [],
                "email_account_admins": "Disabled",
                "email_addresses": [],
                "retention_days": 0,
                "state": "Disabled",
                "storage_account_access_key": "",
                "storage_endpoint": "",
                "use_server_default": "Disabled"
              }
            ],
            "timeouts": null,
            "zone_redundant": false
          },
          "sensitive_attributes": [
            [
              {
                "type": "get_attr",
                "value": "extended_auditing_policy"
              },
              {
                "type": "index",
                "value": {
                  "value": 0,
                  "type": "number"
                }
              },
              {
                "type": "get_attr",
                "value": "storage_account_access_key"
              }
            ]
          ],
          "private": "eyJlMmJmYjczMC1lY2FhLTExZTYtOGY4OC0zNDM2M2JjN2M0YzAiOnsiY3JlYXRlIjozNjAwMDAwMDAwMDAwLCJkZWxldGUiOjM2MDAwMDAwMDAwMDAsInJlYWQiOjMwMDAwMDAwMDAwMCwidXBkYXRlIjozNjAwMDAwMDAwMDAwfX0=",
          "dependencies": [
            "azurerm_sql_server.azsqlserver",
            "azurerm_storage_account.storage",
            "azurerm_resource_group.grouphrg"
          ]
        }
      ]
    },
    {
      "mode": "managed",
      "type": "azurerm_sql_server",
      "name": "azsqlserver",
      "provider": "provider[\"registry.terraform.io/hashicorp/azurerm\"]",
      "instances": [
        {
          "schema_version": 0,
          "attributes": {
            "administrator_login": "frvo5098mvcminitwit",
            "administrator_login_password": "Mvc50985098",
            "connection_policy": "Default",
            "extended_auditing_policy": [
              {
                "log_monitoring_enabled": true,
                "retention_in_days": 0,
                "storage_account_access_key": "3PHWGdIkjMxXmiRw0PFN5EthmR/QuriheeKjQ80DC03cH5JGDhaaKlUbu177zekMUDEwMcU+yUhjtpQoV0IcSg==",
                "storage_account_access_key_is_secondary": true,
                "storage_endpoint": "https://mvcminitwitstorage.blob.core.windows.net/"
              }
            ],
            "fully_qualified_domain_name": "mvc-minitwit-server.database.windows.net",
            "id": "/subscriptions/5fe8fe9e-ec72-4c24-8d51-122c0378b2ba/resourceGroups/grouph-minitwit/providers/Microsoft.Sql/servers/mvc-minitwit-server",
            "identity": [],
            "location": "westeurope",
            "name": "mvc-minitwit-server",
            "resource_group_name": "grouph-minitwit",
            "tags": {
              "environment": "production"
            },
            "timeouts": null,
            "version": "12.0"
          },
          "sensitive_attributes": [
            [
              {
                "type": "get_attr",
                "value": "extended_auditing_policy"
              },
              {
                "type": "index",
                "value": {
                  "value": 0,
                  "type": "number"
                }
              },
              {
                "type": "get_attr",
                "value": "storage_account_access_key"
              }
            ]
          ],
          "private": "eyJlMmJmYjczMC1lY2FhLTExZTYtOGY4OC0zNDM2M2JjN2M0YzAiOnsiY3JlYXRlIjozNjAwMDAwMDAwMDAwLCJkZWxldGUiOjM2MDAwMDAwMDAwMDAsInJlYWQiOjMwMDAwMDAwMDAwMCwidXBkYXRlIjozNjAwMDAwMDAwMDAwfX0=",
          "dependencies": [
            "azurerm_resource_group.grouphrg",
            "azurerm_storage_account.storage"
          ]
        }
      ]
    },
    {
      "mode": "managed",
      "type": "azurerm_storage_account",
      "name": "storage",
      "provider": "provider[\"registry.terraform.io/hashicorp/azurerm\"]",
      "instances": [
        {
          "schema_version": 2,
          "attributes": {
            "access_tier": "Hot",
            "account_kind": "StorageV2",
            "account_replication_type": "LRS",
            "account_tier": "Standard",
            "allow_blob_public_access": false,
            "blob_properties": [],
            "custom_domain": [],
            "enable_https_traffic_only": true,
            "id": "/subscriptions/5fe8fe9e-ec72-4c24-8d51-122c0378b2ba/resourceGroups/grouph-minitwit/providers/Microsoft.Storage/storageAccounts/mvcminitwitstorage",
            "identity": [],
            "is_hns_enabled": false,
            "large_file_share_enabled": null,
            "location": "westeurope",
            "min_tls_version": "TLS1_0",
            "name": "mvcminitwitstorage",
            "network_rules": [
              {
                "bypass": [
                  "AzureServices"
                ],
                "default_action": "Allow",
                "ip_rules": [],
                "virtual_network_subnet_ids": []
              }
            ],
            "primary_access_key": "3PHWGdIkjMxXmiRw0PFN5EthmR/QuriheeKjQ80DC03cH5JGDhaaKlUbu177zekMUDEwMcU+yUhjtpQoV0IcSg==",
            "primary_blob_connection_string": "DefaultEndpointsProtocol=https;BlobEndpoint=https://mvcminitwitstorage.blob.core.windows.net/;AccountName=mvcminitwitstorage;AccountKey=3PHWGdIkjMxXmiRw0PFN5EthmR/QuriheeKjQ80DC03cH5JGDhaaKlUbu177zekMUDEwMcU+yUhjtpQoV0IcSg==",
            "primary_blob_endpoint": "https://mvcminitwitstorage.blob.core.windows.net/",
            "primary_blob_host": "mvcminitwitstorage.blob.core.windows.net",
            "primary_connection_string": "DefaultEndpointsProtocol=https;AccountName=mvcminitwitstorage;AccountKey=3PHWGdIkjMxXmiRw0PFN5EthmR/QuriheeKjQ80DC03cH5JGDhaaKlUbu177zekMUDEwMcU+yUhjtpQoV0IcSg==;EndpointSuffix=core.windows.net",
            "primary_dfs_endpoint": "https://mvcminitwitstorage.dfs.core.windows.net/",
            "primary_dfs_host": "mvcminitwitstorage.dfs.core.windows.net",
            "primary_file_endpoint": "https://mvcminitwitstorage.file.core.windows.net/",
            "primary_file_host": "mvcminitwitstorage.file.core.windows.net",
            "primary_location": "westeurope",
            "primary_queue_endpoint": "https://mvcminitwitstorage.queue.core.windows.net/",
            "primary_queue_host": "mvcminitwitstorage.queue.core.windows.net",
            "primary_table_endpoint": "https://mvcminitwitstorage.table.core.windows.net/",
            "primary_table_host": "mvcminitwitstorage.table.core.windows.net",
            "primary_web_endpoint": "https://mvcminitwitstorage.z6.web.core.windows.net/",
            "primary_web_host": "mvcminitwitstorage.z6.web.core.windows.net",
            "queue_properties": [
              {
                "cors_rule": [],
                "hour_metrics": [
                  {
                    "enabled": true,
                    "include_apis": true,
                    "retention_policy_days": 7,
                    "version": "1.0"
                  }
                ],
                "logging": [
                  {
                    "delete": false,
                    "read": false,
                    "retention_policy_days": 0,
                    "version": "1.0",
                    "write": false
                  }
                ],
                "minute_metrics": [
                  {
                    "enabled": false,
                    "include_apis": false,
                    "retention_policy_days": 0,
                    "version": "1.0"
                  }
                ]
              }
            ],
            "resource_group_name": "grouph-minitwit",
            "secondary_access_key": "Z9H50k0G5KdlSbP4cSAPcGtANYHclfFXEwcsmAx3bNyLn8zH5IUsQ+qBO7BaaIBSnS9CcL9JS/SgpF9qW/DAOA==",
            "secondary_blob_connection_string": "",
            "secondary_blob_endpoint": null,
            "secondary_blob_host": null,
            "secondary_connection_string": "DefaultEndpointsProtocol=https;AccountName=mvcminitwitstorage;AccountKey=Z9H50k0G5KdlSbP4cSAPcGtANYHclfFXEwcsmAx3bNyLn8zH5IUsQ+qBO7BaaIBSnS9CcL9JS/SgpF9qW/DAOA==;EndpointSuffix=core.windows.net",
            "secondary_dfs_endpoint": null,
            "secondary_dfs_host": null,
            "secondary_file_endpoint": null,
            "secondary_file_host": null,
            "secondary_location": "",
            "secondary_queue_endpoint": null,
            "secondary_queue_host": null,
            "secondary_table_endpoint": null,
            "secondary_table_host": null,
            "secondary_web_endpoint": null,
            "secondary_web_host": null,
            "static_website": [],
            "tags": {},
            "timeouts": null
          },
          "sensitive_attributes": [],
          "private": "eyJlMmJmYjczMC1lY2FhLTExZTYtOGY4OC0zNDM2M2JjN2M0YzAiOnsiY3JlYXRlIjozNjAwMDAwMDAwMDAwLCJkZWxldGUiOjM2MDAwMDAwMDAwMDAsInJlYWQiOjMwMDAwMDAwMDAwMCwidXBkYXRlIjozNjAwMDAwMDAwMDAwfSwic2NoZW1hX3ZlcnNpb24iOiIyIn0=",
          "dependencies": [
            "azurerm_resource_group.grouphrg"
          ]
        }
      ]
    },
    {
      "mode": "managed",
      "type": "azurerm_storage_container",
      "name": "storagecontainer",
      "provider": "provider[\"registry.terraform.io/hashicorp/azurerm\"]",
      "instances": [
        {
          "schema_version": 1,
          "attributes": {
            "container_access_type": "private",
            "has_immutability_policy": false,
            "has_legal_hold": false,
            "id": "https://mvcminitwitstorage.blob.core.windows.net/terraformstate",
            "metadata": {},
            "name": "terraformstate",
            "resource_manager_id": "/subscriptions/5fe8fe9e-ec72-4c24-8d51-122c0378b2ba/resourceGroups/grouph-minitwit/providers/Microsoft.Storage/storageAccounts/mvcminitwitstorage/blobServices/default/containers/terraformstate",
            "storage_account_name": "mvcminitwitstorage",
            "timeouts": null
          },
          "sensitive_attributes": [],
          "private": "eyJlMmJmYjczMC1lY2FhLTExZTYtOGY4OC0zNDM2M2JjN2M0YzAiOnsiY3JlYXRlIjoxODAwMDAwMDAwMDAwLCJkZWxldGUiOjE4MDAwMDAwMDAwMDAsInJlYWQiOjMwMDAwMDAwMDAwMCwidXBkYXRlIjoxODAwMDAwMDAwMDAwfSwic2NoZW1hX3ZlcnNpb24iOiIxIn0=",
          "dependencies": [
            "azurerm_storage_account.storage"
          ]
        }
      ]
    }
  ]
}
