{
  "version": 4,
  "terraform_version": "0.15.0",
  "serial": 53,
  "lineage": "5df98ad5-7c4f-d635-593c-16817b440896",
  "outputs": {
    "app_service_default_hostname": {
      "value": "https://mvc-minitwit.azurewebsites.net",
      "type": "string"
    },
    "app_service_name": {
      "value": "mvc-minitwit",
      "type": "string"
    }
  },
  "resources": [
    {
      "mode": "data",
      "type": "azurerm_client_config",
      "name": "current",
      "provider": "provider[\"registry.terraform.io/hashicorp/azurerm\"]",
      "instances": [
        {
          "schema_version": 0,
          "attributes": {
            "client_id": "04b07795-8ddb-461a-bbee-02f9e1bf7b46",
            "id": "2021-05-03 13:35:19.8964231 +0000 UTC",
            "object_id": "e8998595-4a31-430b-9523-002d337609f4",
            "subscription_id": "5fe8fe9e-ec72-4c24-8d51-122c0378b2ba",
            "tenant_id": "bea229b6-7a08-4086-b44c-71f57f716bdb",
            "timeouts": null
          },
          "sensitive_attributes": []
        }
      ]
    },
    {
      "mode": "data",
      "type": "terraform_remote_state",
      "name": "trs",
      "provider": "provider[\"terraform.io/builtin/terraform\"]",
      "instances": [
        {
          "schema_version": 0,
          "attributes": {
            "backend": "azurerm",
            "config": {
              "value": {
                "access_key": "3PHWGdIkjMxXmiRw0PFN5EthmR/QuriheeKjQ80DC03cH5JGDhaaKlUbu177zekMUDEwMcU+yUhjtpQoV0IcSg==",
                "container_name": "terraformstate",
                "key": "tf.tfstate",
                "resource_group_name": "grouph-minitwit",
                "storage_account_name": "mvcminitwitstorage"
              },
              "type": [
                "object",
                {
                  "access_key": "string",
                  "container_name": "string",
                  "key": "string",
                  "resource_group_name": "string",
                  "storage_account_name": "string"
                }
              ]
            },
            "defaults": null,
            "outputs": {
              "value": {},
              "type": [
                "object",
                {}
              ]
            },
            "workspace": null
          },
          "sensitive_attributes": [
            [
              {
                "type": "get_attr",
                "value": "config"
              },
              {
                "type": "get_attr",
                "value": "access_key"
              }
            ]
          ]
        }
      ]
    },
    {
      "mode": "managed",
      "type": "azurerm_app_service",
      "name": "app-service",
      "provider": "provider[\"registry.terraform.io/hashicorp/azurerm\"]",
      "instances": [
        {
          "schema_version": 0,
          "attributes": {
            "app_service_plan_id": "/subscriptions/5fe8fe9e-ec72-4c24-8d51-122c0378b2ba/resourceGroups/grouph-minitwit/providers/Microsoft.Web/serverfarms/mvc-minitwit-asp",
            "app_settings": {
              "DOCKER_REGISTRY_SERVER_PASSWORD": "0CoFqUgATH5B4x/uGtINM7JCJjCmFVeZ",
              "DOCKER_REGISTRY_SERVER_URL": "https://mvcminitwitacr.azurecr.io",
              "DOCKER_REGISTRY_SERVER_USERNAME": "mvcminitwitACR"
            },
            "auth_settings": [
              {
                "active_directory": [],
                "additional_login_params": {},
                "allowed_external_redirect_urls": [],
                "default_provider": "",
                "enabled": false,
                "facebook": [],
                "google": [],
                "issuer": "",
                "microsoft": [],
                "runtime_version": "",
                "token_refresh_extension_hours": 0,
                "token_store_enabled": false,
                "twitter": [],
                "unauthenticated_client_action": ""
              }
            ],
            "backup": [],
            "client_affinity_enabled": false,
            "client_cert_enabled": false,
            "connection_string": [
              {
                "name": "MvcDbContext",
                "type": "SQLServer",
                "value": "Server=tcp:mvc-minitwit-server.database.windows.net,1433;Initial Catalog=mvc-minitwit-db;Persist Security Info=False;User ID=frvo5098mvcminitwit;Password=Applepie123;MultipleActiveResultSets=False;Encrypt=True;TrustServerCertificate=False;Connection Timeout=30;"
              }
            ],
            "custom_domain_verification_id": "32C5810BC470A40AAF3BDB075B18CD8888661610B4EB21DE1295BB0F123CA2C2",
            "default_site_hostname": "mvc-minitwit.azurewebsites.net",
            "enabled": true,
            "https_only": false,
            "id": "/subscriptions/5fe8fe9e-ec72-4c24-8d51-122c0378b2ba/resourceGroups/grouph-minitwit/providers/Microsoft.Web/sites/mvc-minitwit",
            "identity": [
              {
                "identity_ids": [],
                "principal_id": "1c69aacc-c0f7-4e03-af34-80d359afccf8",
                "tenant_id": "bea229b6-7a08-4086-b44c-71f57f716bdb",
                "type": "SystemAssigned"
              }
            ],
            "location": "westeurope",
            "logs": [
              {
                "application_logs": [
                  {
                    "azure_blob_storage": [],
                    "file_system_level": "Off"
                  }
                ],
                "detailed_error_messages_enabled": false,
                "failed_request_tracing_enabled": false,
                "http_logs": [
                  {
                    "azure_blob_storage": [],
                    "file_system": []
                  }
                ]
              }
            ],
            "name": "mvc-minitwit",
            "outbound_ip_address_list": [
              "13.69.68.11",
              "104.45.2.57",
              "137.117.162.115",
              "51.145.157.213",
              "40.114.230.242"
            ],
            "outbound_ip_addresses": "13.69.68.11,104.45.2.57,137.117.162.115,51.145.157.213,40.114.230.242",
            "possible_outbound_ip_address_list": [
              "13.69.68.11",
              "104.45.2.57",
              "137.117.162.115",
              "51.145.157.213",
              "40.114.230.242",
              "137.117.211.198",
              "13.80.131.89",
              "137.117.173.224",
              "13.94.133.227",
              "40.115.15.39"
            ],
            "possible_outbound_ip_addresses": "13.69.68.11,104.45.2.57,137.117.162.115,51.145.157.213,40.114.230.242,137.117.211.198,13.80.131.89,137.117.173.224,13.94.133.227,40.115.15.39",
            "resource_group_name": "grouph-minitwit",
            "site_config": [
              {
                "always_on": true,
                "app_command_line": "",
                "auto_swap_slot_name": "",
                "cors": [
                  {
                    "allowed_origins": [],
                    "support_credentials": false
                  }
                ],
                "default_documents": [],
                "dotnet_framework_version": "v4.0",
                "ftps_state": "AllAllowed",
                "health_check_path": "",
                "http2_enabled": false,
                "ip_restriction": [],
                "java_container": "",
                "java_container_version": "",
                "java_version": "",
                "linux_fx_version": "DOCKER|mvc-minitwit-acr.azurecr.io/neutralsminitwit:*",
                "local_mysql_enabled": false,
                "managed_pipeline_mode": "Integrated",
                "min_tls_version": "1.2",
                "number_of_workers": 1,
                "php_version": "",
                "python_version": "",
                "remote_debugging_enabled": false,
                "remote_debugging_version": "VS2019",
                "scm_ip_restriction": [],
                "scm_type": "None",
                "scm_use_main_ip_restriction": false,
                "use_32_bit_worker_process": false,
                "websockets_enabled": false,
                "windows_fx_version": ""
              }
            ],
            "site_credential": [
              {
                "password": "dDchqatGl58hqsMiJlos0sbmCpsca9GPdLfL6nZbgjGGxoD2qBvGlFRve78N",
                "username": "$mvc-minitwit"
              }
            ],
            "source_control": [
              {
                "branch": "master",
                "manual_integration": false,
                "repo_url": "",
                "rollback_enabled": false,
                "use_mercurial": false
              }
            ],
            "storage_account": [],
            "tags": {},
            "timeouts": null
          },
          "sensitive_attributes": [
            [
              {
                "type": "get_attr",
                "value": "app_settings"
              },
              {
                "type": "index",
                "value": {
                  "value": "DOCKER_REGISTRY_SERVER_PASSWORD",
                  "type": "string"
                }
              }
            ],
            [
              {
                "type": "get_attr",
                "value": "connection_string"
              }
            ]
          ],
          "private": "eyJlMmJmYjczMC1lY2FhLTExZTYtOGY4OC0zNDM2M2JjN2M0YzAiOnsiY3JlYXRlIjoxODAwMDAwMDAwMDAwLCJkZWxldGUiOjE4MDAwMDAwMDAwMDAsInJlYWQiOjMwMDAwMDAwMDAwMCwidXBkYXRlIjoxODAwMDAwMDAwMDAwfX0=",
          "dependencies": [
            "azurerm_app_service_plan.service_plan",
            "azurerm_container_registry.acr",
            "azurerm_resource_group.grouphrg"
          ]
        }
      ]
    },
    {
      "mode": "managed",
      "type": "azurerm_app_service",
      "name": "web_app_container-graf",
      "provider": "provider[\"registry.terraform.io/hashicorp/azurerm\"]",
      "instances": [
        {
          "schema_version": 0,
          "attributes": {
            "app_service_plan_id": "/subscriptions/5fe8fe9e-ec72-4c24-8d51-122c0378b2ba/resourceGroups/grouph-minitwit/providers/Microsoft.Web/serverfarms/mvc-minitwit-asp",
            "app_settings": {},
            "auth_settings": [
              {
                "active_directory": [],
                "additional_login_params": {},
                "allowed_external_redirect_urls": [],
                "default_provider": "",
                "enabled": false,
                "facebook": [],
                "google": [],
                "issuer": "",
                "microsoft": [],
                "runtime_version": "",
                "token_refresh_extension_hours": 0,
                "token_store_enabled": false,
                "twitter": [],
                "unauthenticated_client_action": ""
              }
            ],
            "backup": [],
            "client_affinity_enabled": false,
            "client_cert_enabled": false,
            "connection_string": [],
            "custom_domain_verification_id": "32C5810BC470A40AAF3BDB075B18CD8888661610B4EB21DE1295BB0F123CA2C2",
            "default_site_hostname": "mvc-minitwit-graf.azurewebsites.net",
            "enabled": true,
            "https_only": false,
            "id": "/subscriptions/5fe8fe9e-ec72-4c24-8d51-122c0378b2ba/resourceGroups/grouph-minitwit/providers/Microsoft.Web/sites/mvc-minitwit-graf",
            "identity": [],
            "location": "westeurope",
            "logs": [
              {
                "application_logs": [
                  {
                    "azure_blob_storage": [],
                    "file_system_level": "Off"
                  }
                ],
                "detailed_error_messages_enabled": false,
                "failed_request_tracing_enabled": false,
                "http_logs": [
                  {
                    "azure_blob_storage": [],
                    "file_system": []
                  }
                ]
              }
            ],
            "name": "mvc-minitwit-graf",
            "outbound_ip_address_list": [
              "13.69.68.11",
              "104.45.2.57",
              "137.117.162.115",
              "51.145.157.213",
              "40.114.230.242"
            ],
            "outbound_ip_addresses": "13.69.68.11,104.45.2.57,137.117.162.115,51.145.157.213,40.114.230.242",
            "possible_outbound_ip_address_list": [
              "13.69.68.11",
              "104.45.2.57",
              "137.117.162.115",
              "51.145.157.213",
              "40.114.230.242",
              "137.117.211.198",
              "13.80.131.89",
              "137.117.173.224",
              "13.94.133.227",
              "40.115.15.39"
            ],
            "possible_outbound_ip_addresses": "13.69.68.11,104.45.2.57,137.117.162.115,51.145.157.213,40.114.230.242,137.117.211.198,13.80.131.89,137.117.173.224,13.94.133.227,40.115.15.39",
            "resource_group_name": "grouph-minitwit",
            "site_config": [
              {
                "always_on": true,
                "app_command_line": "",
                "auto_swap_slot_name": "",
                "cors": [
                  {
                    "allowed_origins": [],
                    "support_credentials": false
                  }
                ],
                "default_documents": [],
                "dotnet_framework_version": "v4.0",
                "ftps_state": "AllAllowed",
                "health_check_path": "",
                "http2_enabled": false,
                "ip_restriction": [],
                "java_container": "",
                "java_container_version": "",
                "java_version": "",
                "linux_fx_version": "COMPOSE|dmVyc2lvbjogJzMuNCcNCg0Kc2VydmljZXM6ICANCiAgZ3JhZmFuYTogDQogICAgaW1hZ2U6IGpva2VyZW45L25ldXRyYWxzbWluaXR3aXQ6Z3JhZmFuYQ0KICAgIHBvcnRzOg0KICAgIC0gIjMwMDA6MzAwMCINCiAgICBlbnZpcm9ubWVudDoNCiAgICAgIC0gR0ZfU0VDVVJJVFlfQURNSU5fVVNFUj1kZXZvcHMyMQ0KICAgICAgLSBHRl9TRUNVUklUWV9BRE1JTl9QQVNTV09SRD0tbEV0TUVJbi0NCiAgICBuZXR3b3JrczoNCiAgICAgIC0gZG90bmV0Y29yZXByb21ncmFmYW5hDQogICAgZGVwZW5kc19vbjoNCiAgICAgIC0gcHJvbWV0aGV1cw0KDQogIGxva2k6DQogICAgaW1hZ2U6IGdyYWZhbmEvbG9raTptYXN0ZXINCiAgICBwb3J0czoNCiAgICAtICIzMTAwOjMxMDAiDQogICAgY29tbWFuZDogLWNvbmZpZy5maWxlPS9ldGMvbG9raS9sb2NhbC1jb25maWcueWFtbA0KICAgIG5ldHdvcmtzOg0KICAgICAgLSBkb3RuZXRjb3JlcHJvbWdyYWZhbmENCg0KICBwcm9tdGFpbDoNCiAgICBpbWFnZTogam9rZXJlbjkvbmV1dHJhbHNtaW5pdHdpdDpwcm9tdGFpbA0KICAgIHBvcnRzOg0KICAgIC0gIjkwODA6OTA4MCINCiAgICBjb21tYW5kOiAtY29uZmlnLmZpbGU9L2V0Yy9wcm9tdGFpbC9jb25maWcueW1sDQogICAgbmV0d29ya3M6DQogICAgICAtIGRvdG5ldGNvcmVwcm9tZ3JhZmFuYQ0KDQogIHByb21ldGhldXM6DQogICAgaW1hZ2U6IGpva2VyZW45L25ldXRyYWxzbWluaXR3aXQ6cHJvbWV0aGV1cw0KICAgIHJlc3RhcnQ6IGFsd2F5cw0KICAgIHBvcnRzOg0KICAgICAgLSAiOTA5MDo5MDkwIg0KICAgIG5ldHdvcmtzOg0KICAgICAgLSBkb3RuZXRjb3JlcHJvbWdyYWZhbmENCg0KIyMjIHB1dCBhbGwgdGhlIG5ldHdvcmtzIGhlcmUNCm5ldHdvcmtzOg0KICBkb3RuZXRjb3JlcHJvbWdyYWZhbmE6",
                "local_mysql_enabled": false,
                "managed_pipeline_mode": "Integrated",
                "min_tls_version": "1.2",
                "number_of_workers": 1,
                "php_version": "",
                "python_version": "",
                "remote_debugging_enabled": false,
                "remote_debugging_version": "VS2019",
                "scm_ip_restriction": [],
                "scm_type": "None",
                "scm_use_main_ip_restriction": false,
                "use_32_bit_worker_process": false,
                "websockets_enabled": false,
                "windows_fx_version": ""
              }
            ],
            "site_credential": [
              {
                "password": "qkrE90oo6jajTDuP73tuxb0bCD9wirdhCMTr9jA1pKJ7MhPo0QtoHKZmBJJe",
                "username": "$mvc-minitwit-graf"
              }
            ],
            "source_control": [
              {
                "branch": "master",
                "manual_integration": false,
                "repo_url": "",
                "rollback_enabled": false,
                "use_mercurial": false
              }
            ],
            "storage_account": [],
            "tags": {},
            "timeouts": null
          },
          "sensitive_attributes": [],
          "private": "eyJlMmJmYjczMC1lY2FhLTExZTYtOGY4OC0zNDM2M2JjN2M0YzAiOnsiY3JlYXRlIjoxODAwMDAwMDAwMDAwLCJkZWxldGUiOjE4MDAwMDAwMDAwMDAsInJlYWQiOjMwMDAwMDAwMDAwMCwidXBkYXRlIjoxODAwMDAwMDAwMDAwfX0=",
          "dependencies": [
            "azurerm_app_service_plan.service_plan",
            "azurerm_resource_group.grouphrg"
          ]
        }
      ]
    },
    {
      "mode": "managed",
      "type": "azurerm_app_service",
      "name": "web_app_container-seq",
      "provider": "provider[\"registry.terraform.io/hashicorp/azurerm\"]",
      "instances": [
        {
          "schema_version": 0,
          "attributes": {
            "app_service_plan_id": "/subscriptions/5fe8fe9e-ec72-4c24-8d51-122c0378b2ba/resourceGroups/grouph-minitwit/providers/Microsoft.Web/serverfarms/mvc-minitwit-asp",
            "app_settings": {},
            "auth_settings": [
              {
                "active_directory": [],
                "additional_login_params": {},
                "allowed_external_redirect_urls": [],
                "default_provider": "",
                "enabled": false,
                "facebook": [],
                "google": [],
                "issuer": "",
                "microsoft": [],
                "runtime_version": "",
                "token_refresh_extension_hours": 0,
                "token_store_enabled": false,
                "twitter": [],
                "unauthenticated_client_action": ""
              }
            ],
            "backup": [],
            "client_affinity_enabled": false,
            "client_cert_enabled": false,
            "connection_string": [],
            "custom_domain_verification_id": "32C5810BC470A40AAF3BDB075B18CD8888661610B4EB21DE1295BB0F123CA2C2",
            "default_site_hostname": "mvc-minitwit-seq.azurewebsites.net",
            "enabled": true,
            "https_only": false,
            "id": "/subscriptions/5fe8fe9e-ec72-4c24-8d51-122c0378b2ba/resourceGroups/grouph-minitwit/providers/Microsoft.Web/sites/mvc-minitwit-seq",
            "identity": [],
            "location": "westeurope",
            "logs": [
              {
                "application_logs": [
                  {
                    "azure_blob_storage": [],
                    "file_system_level": "Off"
                  }
                ],
                "detailed_error_messages_enabled": false,
                "failed_request_tracing_enabled": false,
                "http_logs": [
                  {
                    "azure_blob_storage": [],
                    "file_system": []
                  }
                ]
              }
            ],
            "name": "mvc-minitwit-seq",
            "outbound_ip_address_list": [
              "13.69.68.11",
              "104.45.2.57",
              "137.117.162.115",
              "51.145.157.213",
              "40.114.230.242"
            ],
            "outbound_ip_addresses": "13.69.68.11,104.45.2.57,137.117.162.115,51.145.157.213,40.114.230.242",
            "possible_outbound_ip_address_list": [
              "13.69.68.11",
              "104.45.2.57",
              "137.117.162.115",
              "51.145.157.213",
              "40.114.230.242",
              "137.117.211.198",
              "13.80.131.89",
              "137.117.173.224",
              "13.94.133.227",
              "40.115.15.39"
            ],
            "possible_outbound_ip_addresses": "13.69.68.11,104.45.2.57,137.117.162.115,51.145.157.213,40.114.230.242,137.117.211.198,13.80.131.89,137.117.173.224,13.94.133.227,40.115.15.39",
            "resource_group_name": "grouph-minitwit",
            "site_config": [
              {
                "always_on": true,
                "app_command_line": "",
                "auto_swap_slot_name": "",
                "cors": [
                  {
                    "allowed_origins": [],
                    "support_credentials": false
                  }
                ],
                "default_documents": [],
                "dotnet_framework_version": "v4.0",
                "ftps_state": "AllAllowed",
                "health_check_path": "",
                "http2_enabled": false,
                "ip_restriction": [],
                "java_container": "",
                "java_container_version": "",
                "java_version": "",
                "linux_fx_version": "COMPOSE|dmVyc2lvbjogJzMuNCcNCg0Kc2VydmljZXM6DQogIGRhdGFsdXN0c2VxOg0KICAgIGltYWdlOiBkYXRhbHVzdC9zZXE6bGF0ZXN0DQogICAgZW52aXJvbm1lbnQ6DQogICAgICAtIEFDQ0VQVF9FVUxBPVkNCiAgICBwb3J0czoNCiAgICAgIC0gJzUzNDA6ODAnDQo=",
                "local_mysql_enabled": false,
                "managed_pipeline_mode": "Integrated",
                "min_tls_version": "1.2",
                "number_of_workers": 1,
                "php_version": "",
                "python_version": "",
                "remote_debugging_enabled": false,
                "remote_debugging_version": "VS2019",
                "scm_ip_restriction": [],
                "scm_type": "None",
                "scm_use_main_ip_restriction": false,
                "use_32_bit_worker_process": false,
                "websockets_enabled": false,
                "windows_fx_version": ""
              }
            ],
            "site_credential": [
              {
                "password": "Wodbx50suQudgXtnmszgs94mQrFZuahJAychyCDDYR0t9XGzhBJJJozABRlH",
                "username": "$mvc-minitwit-seq"
              }
            ],
            "source_control": [
              {
                "branch": "master",
                "manual_integration": false,
                "repo_url": "",
                "rollback_enabled": false,
                "use_mercurial": false
              }
            ],
            "storage_account": [],
            "tags": {},
            "timeouts": null
          },
          "sensitive_attributes": [],
          "private": "eyJlMmJmYjczMC1lY2FhLTExZTYtOGY4OC0zNDM2M2JjN2M0YzAiOnsiY3JlYXRlIjoxODAwMDAwMDAwMDAwLCJkZWxldGUiOjE4MDAwMDAwMDAwMDAsInJlYWQiOjMwMDAwMDAwMDAwMCwidXBkYXRlIjoxODAwMDAwMDAwMDAwfX0=",
          "dependencies": [
            "azurerm_app_service_plan.service_plan",
            "azurerm_resource_group.grouphrg"
          ]
        }
      ]
    },
    {
      "mode": "managed",
      "type": "azurerm_app_service_plan",
      "name": "service_plan",
      "provider": "provider[\"registry.terraform.io/hashicorp/azurerm\"]",
      "instances": [
        {
          "schema_version": 0,
          "attributes": {
            "app_service_environment_id": "",
            "id": "/subscriptions/5fe8fe9e-ec72-4c24-8d51-122c0378b2ba/resourceGroups/grouph-minitwit/providers/Microsoft.Web/serverfarms/mvc-minitwit-asp",
            "is_xenon": false,
            "kind": "linux",
            "location": "westeurope",
            "maximum_elastic_worker_count": 1,
            "maximum_number_of_workers": 3,
            "name": "mvc-minitwit-asp",
            "per_site_scaling": false,
            "reserved": true,
            "resource_group_name": "grouph-minitwit",
            "sku": [
              {
                "capacity": 1,
                "size": "B1",
                "tier": "Basic"
              }
            ],
            "tags": {},
            "timeouts": null
          },
          "sensitive_attributes": [],
          "private": "eyJlMmJmYjczMC1lY2FhLTExZTYtOGY4OC0zNDM2M2JjN2M0YzAiOnsiY3JlYXRlIjozNjAwMDAwMDAwMDAwLCJkZWxldGUiOjM2MDAwMDAwMDAwMDAsInJlYWQiOjMwMDAwMDAwMDAwMCwidXBkYXRlIjozNjAwMDAwMDAwMDAwfX0=",
          "dependencies": [
            "azurerm_resource_group.grouphrg"
          ]
        }
      ]
    },
    {
      "mode": "managed",
      "type": "azurerm_container_registry",
      "name": "acr",
      "provider": "provider[\"registry.terraform.io/hashicorp/azurerm\"]",
      "instances": [
        {
          "schema_version": 2,
          "attributes": {
            "admin_enabled": true,
            "admin_password": "0CoFqUgATH5B4x/uGtINM7JCJjCmFVeZ",
            "admin_username": "mvcminitwitACR",
            "georeplication_locations": null,
            "id": "/subscriptions/5fe8fe9e-ec72-4c24-8d51-122c0378b2ba/resourceGroups/grouph-minitwit/providers/Microsoft.ContainerRegistry/registries/mvcminitwitACR",
            "location": "westeurope",
            "login_server": "mvcminitwitacr.azurecr.io",
            "name": "mvcminitwitACR",
            "network_rule_set": [],
            "public_network_access_enabled": true,
            "quarantine_policy_enabled": false,
            "resource_group_name": "grouph-minitwit",
            "retention_policy": [
              {
                "days": 7,
                "enabled": false
              }
            ],
            "sku": "Basic",
            "storage_account_id": null,
            "tags": {},
            "timeouts": null,
            "trust_policy": [
              {
                "enabled": false
              }
            ]
          },
          "sensitive_attributes": [],
          "private": "eyJlMmJmYjczMC1lY2FhLTExZTYtOGY4OC0zNDM2M2JjN2M0YzAiOnsiY3JlYXRlIjoxODAwMDAwMDAwMDAwLCJkZWxldGUiOjE4MDAwMDAwMDAwMDAsInJlYWQiOjMwMDAwMDAwMDAwMCwidXBkYXRlIjoxODAwMDAwMDAwMDAwfSwic2NoZW1hX3ZlcnNpb24iOiIyIn0=",
          "dependencies": [
            "azurerm_resource_group.grouphrg"
          ]
        }
      ]
    },
    {
      "mode": "managed",
      "type": "azurerm_container_registry_webhook",
      "name": "webhook",
      "provider": "provider[\"registry.terraform.io/hashicorp/azurerm\"]",
      "instances": [
        {
          "schema_version": 0,
          "attributes": {
            "actions": [
              "push"
            ],
            "custom_headers": {
              "Content-Type": "application/json"
            },
            "id": "/subscriptions/5fe8fe9e-ec72-4c24-8d51-122c0378b2ba/resourceGroups/grouph-minitwit/providers/Microsoft.ContainerRegistry/registries/mvcminitwitACR/webhooks/NeutralsMinitwit",
            "location": "westeurope",
            "name": "NeutralsMinitwit",
            "registry_name": "mvcminitwitACR",
            "resource_group_name": "grouph-minitwit",
            "scope": "neutralsminitwit:*",
            "service_uri": "https://$mvc-minitwit:dDchqatGl58hqsMiJlos0sbmCpsca9GPdLfL6nZbgjGGxoD2qBvGlFRve78N@mvc-minitwit.scm.azurewebsites.net/docker/hook",
            "status": "enabled",
            "tags": null,
            "timeouts": null
          },
          "sensitive_attributes": [
            [
              {
                "type": "get_attr",
                "value": "service_uri"
              }
            ]
          ],
          "private": "eyJlMmJmYjczMC1lY2FhLTExZTYtOGY4OC0zNDM2M2JjN2M0YzAiOnsiY3JlYXRlIjoxODAwMDAwMDAwMDAwLCJkZWxldGUiOjE4MDAwMDAwMDAwMDAsInJlYWQiOjMwMDAwMDAwMDAwMCwidXBkYXRlIjoxODAwMDAwMDAwMDAwfX0=",
          "dependencies": [
            "azurerm_container_registry.acr",
            "azurerm_resource_group.grouphrg"
          ]
        }
      ]
    },
    {
      "mode": "managed",
      "type": "azurerm_resource_group",
      "name": "grouphrg",
      "provider": "provider[\"registry.terraform.io/hashicorp/azurerm\"]",
      "instances": [
        {
          "schema_version": 0,
          "attributes": {
            "id": "/subscriptions/5fe8fe9e-ec72-4c24-8d51-122c0378b2ba/resourceGroups/grouph-minitwit",
            "location": "westeurope",
            "name": "grouph-minitwit",
            "tags": {},
            "timeouts": null
          },
          "sensitive_attributes": [],
          "private": "eyJlMmJmYjczMC1lY2FhLTExZTYtOGY4OC0zNDM2M2JjN2M0YzAiOnsiY3JlYXRlIjo1NDAwMDAwMDAwMDAwLCJkZWxldGUiOjU0MDAwMDAwMDAwMDAsInJlYWQiOjMwMDAwMDAwMDAwMCwidXBkYXRlIjo1NDAwMDAwMDAwMDAwfX0="
        }
      ]
    },
    {
      "mode": "managed",
      "type": "azurerm_sql_database",
      "name": "sqldb",
      "provider": "provider[\"registry.terraform.io/hashicorp/azurerm\"]",
      "instances": [
        {
          "schema_version": 0,
          "attributes": {
            "collation": "SQL_Latin1_General_CP1_CI_AS",
            "create_mode": "Default",
            "creation_date": "2021-05-03T09:42:33.26Z",
            "default_secondary_location": "North Europe",
            "edition": "GeneralPurpose",
            "elastic_pool_name": "",
            "encryption": "",
            "extended_auditing_policy": [
              {
                "log_monitoring_enabled": true,
                "retention_in_days": 0,
                "storage_account_access_key": "3PHWGdIkjMxXmiRw0PFN5EthmR/QuriheeKjQ80DC03cH5JGDhaaKlUbu177zekMUDEwMcU+yUhjtpQoV0IcSg==",
                "storage_account_access_key_is_secondary": true,
                "storage_endpoint": "https://mvcminitwitstorage.blob.core.windows.net/"
              }
            ],
            "id": "/subscriptions/5fe8fe9e-ec72-4c24-8d51-122c0378b2ba/resourceGroups/grouph-minitwit/providers/Microsoft.Sql/servers/mvc-minitwit-server/databases/mvc-minitwit-db",
            "import": [],
            "location": "westeurope",
            "max_size_bytes": "34359738368",
            "max_size_gb": null,
            "name": "mvc-minitwit-db",
            "read_scale": false,
            "requested_service_objective_id": "f21733ad-9b9b-4d4e-a4fa-94a133c41718",
            "requested_service_objective_name": "GP_Gen5_2",
            "resource_group_name": "grouph-minitwit",
            "restore_point_in_time": null,
            "server_name": "mvc-minitwit-server",
            "source_database_deletion_date": null,
            "source_database_id": null,
            "tags": {
              "environment": "production"
            },
            "threat_detection_policy": [
              {
                "disabled_alerts": [],
                "email_account_admins": "Disabled",
                "email_addresses": [],
                "retention_days": 0,
                "state": "Disabled",
                "storage_account_access_key": "",
                "storage_endpoint": "",
                "use_server_default": "Disabled"
              }
            ],
            "timeouts": null,
            "zone_redundant": false
          },
          "sensitive_attributes": [
            [
              {
                "type": "get_attr",
                "value": "extended_auditing_policy"
              },
              {
                "type": "index",
                "value": {
                  "value": 0,
                  "type": "number"
                }
              },
              {
                "type": "get_attr",
                "value": "storage_account_access_key"
              }
            ]
          ],
          "private": "eyJlMmJmYjczMC1lY2FhLTExZTYtOGY4OC0zNDM2M2JjN2M0YzAiOnsiY3JlYXRlIjozNjAwMDAwMDAwMDAwLCJkZWxldGUiOjM2MDAwMDAwMDAwMDAsInJlYWQiOjMwMDAwMDAwMDAwMCwidXBkYXRlIjozNjAwMDAwMDAwMDAwfX0=",
          "dependencies": [
            "azurerm_resource_group.grouphrg",
            "azurerm_sql_server.azsqlserver",
            "azurerm_storage_account.storage"
          ]
        }
      ]
    },
    {
      "mode": "managed",
      "type": "azurerm_sql_server",
      "name": "azsqlserver",
      "provider": "provider[\"registry.terraform.io/hashicorp/azurerm\"]",
      "instances": [
        {
          "schema_version": 0,
          "attributes": {
            "administrator_login": "frvo5098mvcminitwit",
            "administrator_login_password": "Mvc50985098",
            "connection_policy": "Default",
            "extended_auditing_policy": [
              {
                "log_monitoring_enabled": true,
                "retention_in_days": 0,
                "storage_account_access_key": "3PHWGdIkjMxXmiRw0PFN5EthmR/QuriheeKjQ80DC03cH5JGDhaaKlUbu177zekMUDEwMcU+yUhjtpQoV0IcSg==",
                "storage_account_access_key_is_secondary": true,
                "storage_endpoint": "https://mvcminitwitstorage.blob.core.windows.net/"
              }
            ],
            "fully_qualified_domain_name": "mvc-minitwit-server.database.windows.net",
            "id": "/subscriptions/5fe8fe9e-ec72-4c24-8d51-122c0378b2ba/resourceGroups/grouph-minitwit/providers/Microsoft.Sql/servers/mvc-minitwit-server",
            "identity": [],
            "location": "westeurope",
            "name": "mvc-minitwit-server",
            "resource_group_name": "grouph-minitwit",
            "tags": {
              "environment": "production"
            },
            "timeouts": null,
            "version": "12.0"
          },
          "sensitive_attributes": [
            [
              {
                "type": "get_attr",
                "value": "administrator_login_password"
              }
            ],
            [
              {
                "type": "get_attr",
                "value": "administrator_login"
              }
            ],
            [
              {
                "type": "get_attr",
                "value": "extended_auditing_policy"
              },
              {
                "type": "index",
                "value": {
                  "value": 0,
                  "type": "number"
                }
              },
              {
                "type": "get_attr",
                "value": "storage_account_access_key"
              }
            ]
          ],
          "private": "eyJlMmJmYjczMC1lY2FhLTExZTYtOGY4OC0zNDM2M2JjN2M0YzAiOnsiY3JlYXRlIjozNjAwMDAwMDAwMDAwLCJkZWxldGUiOjM2MDAwMDAwMDAwMDAsInJlYWQiOjMwMDAwMDAwMDAwMCwidXBkYXRlIjozNjAwMDAwMDAwMDAwfX0=",
          "dependencies": [
            "azurerm_resource_group.grouphrg",
            "azurerm_storage_account.storage"
          ]
        }
      ]
    },
    {
      "mode": "managed",
      "type": "azurerm_storage_account",
      "name": "storage",
      "provider": "provider[\"registry.terraform.io/hashicorp/azurerm\"]",
      "instances": [
        {
          "schema_version": 2,
          "attributes": {
            "access_tier": "Hot",
            "account_kind": "StorageV2",
            "account_replication_type": "LRS",
            "account_tier": "Standard",
            "allow_blob_public_access": false,
            "blob_properties": [],
            "custom_domain": [],
            "enable_https_traffic_only": true,
            "id": "/subscriptions/5fe8fe9e-ec72-4c24-8d51-122c0378b2ba/resourceGroups/grouph-minitwit/providers/Microsoft.Storage/storageAccounts/mvcminitwitstorage",
            "identity": [],
            "is_hns_enabled": false,
            "large_file_share_enabled": null,
            "location": "westeurope",
            "min_tls_version": "TLS1_0",
            "name": "mvcminitwitstorage",
            "network_rules": [
              {
                "bypass": [
                  "AzureServices"
                ],
                "default_action": "Allow",
                "ip_rules": [],
                "virtual_network_subnet_ids": []
              }
            ],
            "primary_access_key": "3PHWGdIkjMxXmiRw0PFN5EthmR/QuriheeKjQ80DC03cH5JGDhaaKlUbu177zekMUDEwMcU+yUhjtpQoV0IcSg==",
            "primary_blob_connection_string": "DefaultEndpointsProtocol=https;BlobEndpoint=https://mvcminitwitstorage.blob.core.windows.net/;AccountName=mvcminitwitstorage;AccountKey=3PHWGdIkjMxXmiRw0PFN5EthmR/QuriheeKjQ80DC03cH5JGDhaaKlUbu177zekMUDEwMcU+yUhjtpQoV0IcSg==",
            "primary_blob_endpoint": "https://mvcminitwitstorage.blob.core.windows.net/",
            "primary_blob_host": "mvcminitwitstorage.blob.core.windows.net",
            "primary_connection_string": "DefaultEndpointsProtocol=https;AccountName=mvcminitwitstorage;AccountKey=3PHWGdIkjMxXmiRw0PFN5EthmR/QuriheeKjQ80DC03cH5JGDhaaKlUbu177zekMUDEwMcU+yUhjtpQoV0IcSg==;EndpointSuffix=core.windows.net",
            "primary_dfs_endpoint": "https://mvcminitwitstorage.dfs.core.windows.net/",
            "primary_dfs_host": "mvcminitwitstorage.dfs.core.windows.net",
            "primary_file_endpoint": "https://mvcminitwitstorage.file.core.windows.net/",
            "primary_file_host": "mvcminitwitstorage.file.core.windows.net",
            "primary_location": "westeurope",
            "primary_queue_endpoint": "https://mvcminitwitstorage.queue.core.windows.net/",
            "primary_queue_host": "mvcminitwitstorage.queue.core.windows.net",
            "primary_table_endpoint": "https://mvcminitwitstorage.table.core.windows.net/",
            "primary_table_host": "mvcminitwitstorage.table.core.windows.net",
            "primary_web_endpoint": "https://mvcminitwitstorage.z6.web.core.windows.net/",
            "primary_web_host": "mvcminitwitstorage.z6.web.core.windows.net",
            "queue_properties": [
              {
                "cors_rule": [],
                "hour_metrics": [
                  {
                    "enabled": true,
                    "include_apis": true,
                    "retention_policy_days": 7,
                    "version": "1.0"
                  }
                ],
                "logging": [
                  {
                    "delete": false,
                    "read": false,
                    "retention_policy_days": 0,
                    "version": "1.0",
                    "write": false
                  }
                ],
                "minute_metrics": [
                  {
                    "enabled": false,
                    "include_apis": false,
                    "retention_policy_days": 0,
                    "version": "1.0"
                  }
                ]
              }
            ],
            "resource_group_name": "grouph-minitwit",
            "secondary_access_key": "Z9H50k0G5KdlSbP4cSAPcGtANYHclfFXEwcsmAx3bNyLn8zH5IUsQ+qBO7BaaIBSnS9CcL9JS/SgpF9qW/DAOA==",
            "secondary_blob_connection_string": "",
            "secondary_blob_endpoint": null,
            "secondary_blob_host": null,
            "secondary_connection_string": "DefaultEndpointsProtocol=https;AccountName=mvcminitwitstorage;AccountKey=Z9H50k0G5KdlSbP4cSAPcGtANYHclfFXEwcsmAx3bNyLn8zH5IUsQ+qBO7BaaIBSnS9CcL9JS/SgpF9qW/DAOA==;EndpointSuffix=core.windows.net",
            "secondary_dfs_endpoint": null,
            "secondary_dfs_host": null,
            "secondary_file_endpoint": null,
            "secondary_file_host": null,
            "secondary_location": "",
            "secondary_queue_endpoint": null,
            "secondary_queue_host": null,
            "secondary_table_endpoint": null,
            "secondary_table_host": null,
            "secondary_web_endpoint": null,
            "secondary_web_host": null,
            "static_website": [],
            "tags": {},
            "timeouts": null
          },
          "sensitive_attributes": [],
          "private": "eyJlMmJmYjczMC1lY2FhLTExZTYtOGY4OC0zNDM2M2JjN2M0YzAiOnsiY3JlYXRlIjozNjAwMDAwMDAwMDAwLCJkZWxldGUiOjM2MDAwMDAwMDAwMDAsInJlYWQiOjMwMDAwMDAwMDAwMCwidXBkYXRlIjozNjAwMDAwMDAwMDAwfSwic2NoZW1hX3ZlcnNpb24iOiIyIn0=",
          "dependencies": [
            "azurerm_resource_group.grouphrg"
          ]
        }
      ]
    },
    {
      "mode": "managed",
      "type": "azurerm_storage_container",
      "name": "storagecontainer",
      "provider": "provider[\"registry.terraform.io/hashicorp/azurerm\"]",
      "instances": [
        {
          "schema_version": 1,
          "attributes": {
            "container_access_type": "private",
            "has_immutability_policy": false,
            "has_legal_hold": false,
            "id": "https://mvcminitwitstorage.blob.core.windows.net/terraformstate",
            "metadata": {},
            "name": "terraformstate",
            "resource_manager_id": "/subscriptions/5fe8fe9e-ec72-4c24-8d51-122c0378b2ba/resourceGroups/grouph-minitwit/providers/Microsoft.Storage/storageAccounts/mvcminitwitstorage/blobServices/default/containers/terraformstate",
            "storage_account_name": "mvcminitwitstorage",
            "timeouts": null
          },
          "sensitive_attributes": [],
          "private": "eyJlMmJmYjczMC1lY2FhLTExZTYtOGY4OC0zNDM2M2JjN2M0YzAiOnsiY3JlYXRlIjoxODAwMDAwMDAwMDAwLCJkZWxldGUiOjE4MDAwMDAwMDAwMDAsInJlYWQiOjMwMDAwMDAwMDAwMCwidXBkYXRlIjoxODAwMDAwMDAwMDAwfSwic2NoZW1hX3ZlcnNpb24iOiIxIn0=",
          "dependencies": [
            "azurerm_resource_group.grouphrg",
            "azurerm_storage_account.storage"
          ]
        }
      ]
    }
  ]
}
