{
  "version": 4,
  "terraform_version": "0.15.0",
  "serial": 26,
  "lineage": "16e4d630-ece0-6a76-0934-17e3af2f8ad5",
  "outputs": {
    "app_service_default_hostname": {
      "value": "https://mvc-minitwit.azurewebsites.net",
      "type": "string"
    },
    "app_service_name": {
      "value": "mvc-minitwit",
      "type": "string"
    }
  },
  "resources": [
    {
      "mode": "managed",
      "type": "azurerm_app_service",
      "name": "app-service",
      "provider": "provider[\"registry.terraform.io/hashicorp/azurerm\"]",
      "instances": [
        {
          "schema_version": 0,
          "attributes": {
            "app_service_plan_id": "/subscriptions/5fe8fe9e-ec72-4c24-8d51-122c0378b2ba/resourceGroups/tfmainrg/providers/Microsoft.Web/serverfarms/ASP-mvc-minitwit",
            "app_settings": {
              "DOCKER_REGISTRY_SERVER_PASSWORD": "MY1gu6TEgwC41UR5S6/ZnGwoMJtReuaH",
              "DOCKER_REGISTRY_SERVER_URL": "https://tftestfrvoacr.azurecr.io",
              "DOCKER_REGISTRY_SERVER_USERNAME": "tfTestFRVOacr"
            },
            "auth_settings": [
              {
                "active_directory": [],
                "additional_login_params": {},
                "allowed_external_redirect_urls": [],
                "default_provider": "",
                "enabled": false,
                "facebook": [],
                "google": [],
                "issuer": "",
                "microsoft": [],
                "runtime_version": "",
                "token_refresh_extension_hours": 0,
                "token_store_enabled": false,
                "twitter": [],
                "unauthenticated_client_action": ""
              }
            ],
            "backup": [],
            "client_affinity_enabled": false,
            "client_cert_enabled": false,
            "connection_string": [
              {
                "name": "MvcDbContext",
                "type": "SQLServer",
                "value": "Server=tcp:minitwit-neutrals.database.windows.net,1433;Initial Catalog=minitwitDb;Persist Security Info=False;User ID=neutrals;Password=Cfias5Vm5eHYu56;MultipleActiveResultSets=False;Encrypt=True;TrustServerCertificate=False;Connection Timeout=30;"
              }
            ],
            "custom_domain_verification_id": "32C5810BC470A40AAF3BDB075B18CD8888661610B4EB21DE1295BB0F123CA2C2",
            "default_site_hostname": "mvc-minitwit.azurewebsites.net",
            "enabled": true,
            "https_only": false,
            "id": "/subscriptions/5fe8fe9e-ec72-4c24-8d51-122c0378b2ba/resourceGroups/tfmainrg/providers/Microsoft.Web/sites/mvc-minitwit",
            "identity": [
              {
                "identity_ids": [],
                "principal_id": "3188f09d-0ad1-4045-9ba6-775792880c0e",
                "tenant_id": "bea229b6-7a08-4086-b44c-71f57f716bdb",
                "type": "SystemAssigned"
              }
            ],
            "location": "westeurope",
            "logs": [
              {
                "application_logs": [
                  {
                    "azure_blob_storage": [],
                    "file_system_level": "Off"
                  }
                ],
                "detailed_error_messages_enabled": false,
                "failed_request_tracing_enabled": false,
                "http_logs": [
                  {
                    "azure_blob_storage": [],
                    "file_system": []
                  }
                ]
              }
            ],
            "name": "mvc-minitwit",
            "outbound_ip_address_list": [
              "51.105.216.233",
              "51.138.15.92",
              "20.50.181.181",
              "20.50.182.0",
              "20.50.182.14",
              "51.138.102.28",
              "20.50.2.12"
            ],
            "outbound_ip_addresses": "51.105.216.233,51.138.15.92,20.50.181.181,20.50.182.0,20.50.182.14,51.138.102.28,20.50.2.12",
            "possible_outbound_ip_address_list": [
              "51.105.216.233",
              "51.138.15.92",
              "20.50.181.181",
              "20.50.182.0",
              "20.50.182.14",
              "51.138.102.28",
              "20.50.182.113",
              "20.50.182.138",
              "20.50.182.216",
              "20.50.182.227",
              "20.50.182.250",
              "20.50.183.19",
              "20.50.183.44",
              "51.105.221.68",
              "20.50.183.56",
              "20.50.179.215",
              "51.138.103.44",
              "52.149.107.233",
              "20.50.2.12"
            ],
            "possible_outbound_ip_addresses": "51.105.216.233,51.138.15.92,20.50.181.181,20.50.182.0,20.50.182.14,51.138.102.28,20.50.182.113,20.50.182.138,20.50.182.216,20.50.182.227,20.50.182.250,20.50.183.19,20.50.183.44,51.105.221.68,20.50.183.56,20.50.179.215,51.138.103.44,52.149.107.233,20.50.2.12",
            "resource_group_name": "tfmainrg",
            "site_config": [
              {
                "always_on": true,
                "app_command_line": "",
                "auto_swap_slot_name": "",
                "cors": [
                  {
                    "allowed_origins": [],
                    "support_credentials": false
                  }
                ],
                "default_documents": [],
                "dotnet_framework_version": "v4.0",
                "ftps_state": "AllAllowed",
                "health_check_path": "",
                "http2_enabled": false,
                "ip_restriction": [],
                "java_container": "",
                "java_container_version": "",
                "java_version": "",
                "linux_fx_version": "DOCKER|tftestfrvoacr.azurecr.io/neutralsminitwit:119",
                "local_mysql_enabled": false,
                "managed_pipeline_mode": "Integrated",
                "min_tls_version": "1.2",
                "number_of_workers": 1,
                "php_version": "",
                "python_version": "",
                "remote_debugging_enabled": false,
                "remote_debugging_version": "VS2019",
                "scm_ip_restriction": [],
                "scm_type": "None",
                "scm_use_main_ip_restriction": false,
                "use_32_bit_worker_process": false,
                "websockets_enabled": false,
                "windows_fx_version": ""
              }
            ],
            "site_credential": [
              {
                "password": "bcEiEjPj1HvJrKKTfcqvGlq8TsEigrXFcjd2NPrlLMnho1o9j6Xo8jQDhmGy",
                "username": "$mvc-minitwit"
              }
            ],
            "source_control": [
              {
                "branch": "master",
                "manual_integration": false,
                "repo_url": "",
                "rollback_enabled": false,
                "use_mercurial": false
              }
            ],
            "storage_account": [],
            "tags": {},
            "timeouts": {
              "create": null,
              "delete": null,
              "read": null,
              "update": null
            }
          },
          "sensitive_attributes": [
            [
              {
                "type": "get_attr",
                "value": "app_settings"
              },
              {
                "type": "index",
                "value": {
                  "value": "DOCKER_REGISTRY_SERVER_PASSWORD",
                  "type": "string"
                }
              }
            ]
          ],
          "private": "eyJlMmJmYjczMC1lY2FhLTExZTYtOGY4OC0zNDM2M2JjN2M0YzAiOnsiY3JlYXRlIjoxODAwMDAwMDAwMDAwLCJkZWxldGUiOjE4MDAwMDAwMDAwMDAsInJlYWQiOjMwMDAwMDAwMDAwMCwidXBkYXRlIjoxODAwMDAwMDAwMDAwfX0=",
          "dependencies": [
            "azurerm_app_service_plan.service_plan",
            "azurerm_container_registry.acr",
            "azurerm_resource_group.tf_test"
          ]
        }
      ]
    },
    {
      "mode": "managed",
      "type": "azurerm_app_service",
      "name": "web_app_container-graf",
      "provider": "provider[\"registry.terraform.io/hashicorp/azurerm\"]",
      "instances": [
        {
          "schema_version": 0,
          "attributes": {
            "app_service_plan_id": "/subscriptions/5fe8fe9e-ec72-4c24-8d51-122c0378b2ba/resourceGroups/tfmainrg/providers/Microsoft.Web/serverfarms/ASP-mvc-minitwit",
            "app_settings": {},
            "auth_settings": [
              {
                "active_directory": [],
                "additional_login_params": {},
                "allowed_external_redirect_urls": [],
                "default_provider": "",
                "enabled": false,
                "facebook": [],
                "google": [],
                "issuer": "",
                "microsoft": [],
                "runtime_version": "",
                "token_refresh_extension_hours": 0,
                "token_store_enabled": false,
                "twitter": [],
                "unauthenticated_client_action": ""
              }
            ],
            "backup": [],
            "client_affinity_enabled": false,
            "client_cert_enabled": false,
            "connection_string": [],
            "custom_domain_verification_id": "32C5810BC470A40AAF3BDB075B18CD8888661610B4EB21DE1295BB0F123CA2C2",
            "default_site_hostname": "mvc-minitwit-graf.azurewebsites.net",
            "enabled": true,
            "https_only": false,
            "id": "/subscriptions/5fe8fe9e-ec72-4c24-8d51-122c0378b2ba/resourceGroups/tfmainrg/providers/Microsoft.Web/sites/mvc-minitwit-graf",
            "identity": [],
            "location": "westeurope",
            "logs": [
              {
                "application_logs": [
                  {
                    "azure_blob_storage": [],
                    "file_system_level": "Off"
                  }
                ],
                "detailed_error_messages_enabled": false,
                "failed_request_tracing_enabled": false,
                "http_logs": [
                  {
                    "azure_blob_storage": [],
                    "file_system": []
                  }
                ]
              }
            ],
            "name": "mvc-minitwit-graf",
            "outbound_ip_address_list": [
              "51.105.216.233",
              "51.138.15.92",
              "20.50.181.181",
              "20.50.182.0",
              "20.50.182.14",
              "51.138.102.28",
              "20.50.2.12"
            ],
            "outbound_ip_addresses": "51.105.216.233,51.138.15.92,20.50.181.181,20.50.182.0,20.50.182.14,51.138.102.28,20.50.2.12",
            "possible_outbound_ip_address_list": [
              "51.105.216.233",
              "51.138.15.92",
              "20.50.181.181",
              "20.50.182.0",
              "20.50.182.14",
              "51.138.102.28",
              "20.50.182.113",
              "20.50.182.138",
              "20.50.182.216",
              "20.50.182.227",
              "20.50.182.250",
              "20.50.183.19",
              "20.50.183.44",
              "51.105.221.68",
              "20.50.183.56",
              "20.50.179.215",
              "51.138.103.44",
              "52.149.107.233",
              "20.50.2.12"
            ],
            "possible_outbound_ip_addresses": "51.105.216.233,51.138.15.92,20.50.181.181,20.50.182.0,20.50.182.14,51.138.102.28,20.50.182.113,20.50.182.138,20.50.182.216,20.50.182.227,20.50.182.250,20.50.183.19,20.50.183.44,51.105.221.68,20.50.183.56,20.50.179.215,51.138.103.44,52.149.107.233,20.50.2.12",
            "resource_group_name": "tfmainrg",
            "site_config": [
              {
                "always_on": true,
                "app_command_line": "",
                "auto_swap_slot_name": "",
                "cors": [
                  {
                    "allowed_origins": [],
                    "support_credentials": false
                  }
                ],
                "default_documents": [],
                "dotnet_framework_version": "v4.0",
                "ftps_state": "AllAllowed",
                "health_check_path": "",
                "http2_enabled": false,
                "ip_restriction": [],
                "java_container": "",
                "java_container_version": "",
                "java_version": "",
                "linux_fx_version": "COMPOSE|dmVyc2lvbjogJzMuNCcNCg0Kc2VydmljZXM6ICANCiAgZ3JhZmFuYTogDQogICAgaW1hZ2U6IGpva2VyZW45L25ldXRyYWxzbWluaXR3aXQ6Z3JhZmFuYQ0KICAgIHBvcnRzOg0KICAgIC0gIjMwMDA6MzAwMCINCiAgICBlbnZpcm9ubWVudDoNCiAgICAgIC0gR0ZfU0VDVVJJVFlfQURNSU5fVVNFUj1kZXZvcHMyMQ0KICAgICAgLSBHRl9TRUNVUklUWV9BRE1JTl9QQVNTV09SRD0tbEV0TUVJbi0NCiAgICBuZXR3b3JrczoNCiAgICAgIC0gZG90bmV0Y29yZXByb21ncmFmYW5hDQogICAgZGVwZW5kc19vbjoNCiAgICAgIC0gcHJvbWV0aGV1cw0KDQogIGxva2k6DQogICAgaW1hZ2U6IGdyYWZhbmEvbG9raTptYXN0ZXINCiAgICBwb3J0czoNCiAgICAtICIzMTAwOjMxMDAiDQogICAgY29tbWFuZDogLWNvbmZpZy5maWxlPS9ldGMvbG9raS9sb2NhbC1jb25maWcueWFtbA0KICAgIG5ldHdvcmtzOg0KICAgICAgLSBkb3RuZXRjb3JlcHJvbWdyYWZhbmENCg0KICBwcm9tdGFpbDoNCiAgICBpbWFnZTogam9rZXJlbjkvbmV1dHJhbHNtaW5pdHdpdDpwcm9tdGFpbA0KICAgIHBvcnRzOg0KICAgIC0gIjkwODA6OTA4MCINCiAgICBjb21tYW5kOiAtY29uZmlnLmZpbGU9L2V0Yy9wcm9tdGFpbC9jb25maWcueW1sDQogICAgbmV0d29ya3M6DQogICAgICAtIGRvdG5ldGNvcmVwcm9tZ3JhZmFuYQ0KDQogIHByb21ldGhldXM6DQogICAgaW1hZ2U6IGpva2VyZW45L25ldXRyYWxzbWluaXR3aXQ6cHJvbWV0aGV1cw0KICAgIHJlc3RhcnQ6IGFsd2F5cw0KICAgIHBvcnRzOg0KICAgICAgLSAiOTA5MDo5MDkwIg0KICAgIG5ldHdvcmtzOg0KICAgICAgLSBkb3RuZXRjb3JlcHJvbWdyYWZhbmENCg0KIyMjIHB1dCBhbGwgdGhlIG5ldHdvcmtzIGhlcmUNCm5ldHdvcmtzOg0KICBkb3RuZXRjb3JlcHJvbWdyYWZhbmE6",
                "local_mysql_enabled": false,
                "managed_pipeline_mode": "Integrated",
                "min_tls_version": "1.2",
                "number_of_workers": 1,
                "php_version": "",
                "python_version": "",
                "remote_debugging_enabled": false,
                "remote_debugging_version": "VS2019",
                "scm_ip_restriction": [],
                "scm_type": "None",
                "scm_use_main_ip_restriction": false,
                "use_32_bit_worker_process": false,
                "websockets_enabled": false,
                "windows_fx_version": ""
              }
            ],
            "site_credential": [
              {
                "password": "R4PtRKlBq5YMZfrkcFqntqTYwieFMlbe1wrH21xcnaGmjsNo55jPAWMZlry2",
                "username": "$mvc-minitwit-graf"
              }
            ],
            "source_control": [
              {
                "branch": "master",
                "manual_integration": false,
                "repo_url": "",
                "rollback_enabled": false,
                "use_mercurial": false
              }
            ],
            "storage_account": [],
            "tags": {},
            "timeouts": {
              "create": null,
              "delete": null,
              "read": null,
              "update": null
            }
          },
          "sensitive_attributes": [],
          "private": "eyJlMmJmYjczMC1lY2FhLTExZTYtOGY4OC0zNDM2M2JjN2M0YzAiOnsiY3JlYXRlIjoxODAwMDAwMDAwMDAwLCJkZWxldGUiOjE4MDAwMDAwMDAwMDAsInJlYWQiOjMwMDAwMDAwMDAwMCwidXBkYXRlIjoxODAwMDAwMDAwMDAwfX0=",
          "dependencies": [
            "azurerm_app_service_plan.service_plan",
            "azurerm_resource_group.tf_test"
          ]
        }
      ]
    },
    {
      "mode": "managed",
      "type": "azurerm_app_service",
      "name": "web_app_container-seq",
      "provider": "provider[\"registry.terraform.io/hashicorp/azurerm\"]",
      "instances": [
        {
          "schema_version": 0,
          "attributes": {
            "app_service_plan_id": "/subscriptions/5fe8fe9e-ec72-4c24-8d51-122c0378b2ba/resourceGroups/tfmainrg/providers/Microsoft.Web/serverfarms/ASP-mvc-minitwit",
            "app_settings": {},
            "auth_settings": [
              {
                "active_directory": [],
                "additional_login_params": {},
                "allowed_external_redirect_urls": [],
                "default_provider": "",
                "enabled": false,
                "facebook": [],
                "google": [],
                "issuer": "",
                "microsoft": [],
                "runtime_version": "",
                "token_refresh_extension_hours": 0,
                "token_store_enabled": false,
                "twitter": [],
                "unauthenticated_client_action": ""
              }
            ],
            "backup": [],
            "client_affinity_enabled": false,
            "client_cert_enabled": false,
            "connection_string": [],
            "custom_domain_verification_id": "32C5810BC470A40AAF3BDB075B18CD8888661610B4EB21DE1295BB0F123CA2C2",
            "default_site_hostname": "mvc-minitwit-seq.azurewebsites.net",
            "enabled": true,
            "https_only": false,
            "id": "/subscriptions/5fe8fe9e-ec72-4c24-8d51-122c0378b2ba/resourceGroups/tfmainrg/providers/Microsoft.Web/sites/mvc-minitwit-seq",
            "identity": [],
            "location": "westeurope",
            "logs": [
              {
                "application_logs": [
                  {
                    "azure_blob_storage": [],
                    "file_system_level": "Off"
                  }
                ],
                "detailed_error_messages_enabled": false,
                "failed_request_tracing_enabled": false,
                "http_logs": [
                  {
                    "azure_blob_storage": [],
                    "file_system": []
                  }
                ]
              }
            ],
            "name": "mvc-minitwit-seq",
            "outbound_ip_address_list": [
              "51.105.216.233",
              "51.138.15.92",
              "20.50.181.181",
              "20.50.182.0",
              "20.50.182.14",
              "51.138.102.28",
              "20.50.2.12"
            ],
            "outbound_ip_addresses": "51.105.216.233,51.138.15.92,20.50.181.181,20.50.182.0,20.50.182.14,51.138.102.28,20.50.2.12",
            "possible_outbound_ip_address_list": [
              "51.105.216.233",
              "51.138.15.92",
              "20.50.181.181",
              "20.50.182.0",
              "20.50.182.14",
              "51.138.102.28",
              "20.50.182.113",
              "20.50.182.138",
              "20.50.182.216",
              "20.50.182.227",
              "20.50.182.250",
              "20.50.183.19",
              "20.50.183.44",
              "51.105.221.68",
              "20.50.183.56",
              "20.50.179.215",
              "51.138.103.44",
              "52.149.107.233",
              "20.50.2.12"
            ],
            "possible_outbound_ip_addresses": "51.105.216.233,51.138.15.92,20.50.181.181,20.50.182.0,20.50.182.14,51.138.102.28,20.50.182.113,20.50.182.138,20.50.182.216,20.50.182.227,20.50.182.250,20.50.183.19,20.50.183.44,51.105.221.68,20.50.183.56,20.50.179.215,51.138.103.44,52.149.107.233,20.50.2.12",
            "resource_group_name": "tfmainrg",
            "site_config": [
              {
                "always_on": true,
                "app_command_line": "",
                "auto_swap_slot_name": "",
                "cors": [
                  {
                    "allowed_origins": [],
                    "support_credentials": false
                  }
                ],
                "default_documents": [],
                "dotnet_framework_version": "v4.0",
                "ftps_state": "AllAllowed",
                "health_check_path": "",
                "http2_enabled": false,
                "ip_restriction": [],
                "java_container": "",
                "java_container_version": "",
                "java_version": "",
                "linux_fx_version": "COMPOSE|dmVyc2lvbjogJzMuNCcNCg0Kc2VydmljZXM6DQogIGRhdGFsdXN0c2VxOg0KICAgIGltYWdlOiBkYXRhbHVzdC9zZXE6bGF0ZXN0DQogICAgZW52aXJvbm1lbnQ6DQogICAgICAtIEFDQ0VQVF9FVUxBPVkNCiAgICBwb3J0czoNCiAgICAgIC0gJzUzNDA6ODAnDQo=",
                "local_mysql_enabled": false,
                "managed_pipeline_mode": "Integrated",
                "min_tls_version": "1.2",
                "number_of_workers": 1,
                "php_version": "",
                "python_version": "",
                "remote_debugging_enabled": false,
                "remote_debugging_version": "VS2019",
                "scm_ip_restriction": [],
                "scm_type": "None",
                "scm_use_main_ip_restriction": false,
                "use_32_bit_worker_process": false,
                "websockets_enabled": false,
                "windows_fx_version": ""
              }
            ],
            "site_credential": [
              {
                "password": "gKG7duP8BdXogRbAD8doh44jKQjARm8jTFKHAs8rix63sfXzJCkisYPcMHCu",
                "username": "$mvc-minitwit-seq"
              }
            ],
            "source_control": [
              {
                "branch": "master",
                "manual_integration": false,
                "repo_url": "",
                "rollback_enabled": false,
                "use_mercurial": false
              }
            ],
            "storage_account": [],
            "tags": {},
            "timeouts": {
              "create": null,
              "delete": null,
              "read": null,
              "update": null
            }
          },
          "sensitive_attributes": [],
          "private": "eyJlMmJmYjczMC1lY2FhLTExZTYtOGY4OC0zNDM2M2JjN2M0YzAiOnsiY3JlYXRlIjoxODAwMDAwMDAwMDAwLCJkZWxldGUiOjE4MDAwMDAwMDAwMDAsInJlYWQiOjMwMDAwMDAwMDAwMCwidXBkYXRlIjoxODAwMDAwMDAwMDAwfX0=",
          "dependencies": [
            "azurerm_resource_group.tf_test",
            "azurerm_app_service_plan.service_plan"
          ]
        }
      ]
    },
    {
      "mode": "managed",
      "type": "azurerm_app_service_plan",
      "name": "service_plan",
      "provider": "provider[\"registry.terraform.io/hashicorp/azurerm\"]",
      "instances": [
        {
          "schema_version": 0,
          "attributes": {
            "app_service_environment_id": "",
            "id": "/subscriptions/5fe8fe9e-ec72-4c24-8d51-122c0378b2ba/resourceGroups/tfmainrg/providers/Microsoft.Web/serverfarms/ASP-mvc-minitwit",
            "is_xenon": false,
            "kind": "linux",
            "location": "westeurope",
            "maximum_elastic_worker_count": 1,
            "maximum_number_of_workers": 3,
            "name": "ASP-mvc-minitwit",
            "per_site_scaling": false,
            "reserved": true,
            "resource_group_name": "tfmainrg",
            "sku": [
              {
                "capacity": 1,
                "size": "B1",
                "tier": "Basic"
              }
            ],
            "tags": {},
            "timeouts": {
              "create": null,
              "delete": null,
              "read": null,
              "update": null
            }
          },
          "sensitive_attributes": [],
          "private": "eyJlMmJmYjczMC1lY2FhLTExZTYtOGY4OC0zNDM2M2JjN2M0YzAiOnsiY3JlYXRlIjozNjAwMDAwMDAwMDAwLCJkZWxldGUiOjM2MDAwMDAwMDAwMDAsInJlYWQiOjMwMDAwMDAwMDAwMCwidXBkYXRlIjozNjAwMDAwMDAwMDAwfSwic2NoZW1hX3ZlcnNpb24iOiIwIn0=",
          "dependencies": [
            "azurerm_resource_group.tf_test"
          ]
        }
      ]
    },
    {
      "mode": "managed",
      "type": "azurerm_container_registry",
      "name": "acr",
      "provider": "provider[\"registry.terraform.io/hashicorp/azurerm\"]",
      "instances": [
        {
          "schema_version": 2,
          "attributes": {
            "admin_enabled": true,
            "admin_password": "MY1gu6TEgwC41UR5S6/ZnGwoMJtReuaH",
            "admin_username": "tfTestFRVOacr",
            "georeplication_locations": null,
            "id": "/subscriptions/5fe8fe9e-ec72-4c24-8d51-122c0378b2ba/resourceGroups/tfmainrg/providers/Microsoft.ContainerRegistry/registries/tfTestFRVOacr",
            "location": "westeurope",
            "login_server": "tftestfrvoacr.azurecr.io",
            "name": "tfTestFRVOacr",
            "network_rule_set": [],
            "public_network_access_enabled": true,
            "quarantine_policy_enabled": false,
            "resource_group_name": "tfmainrg",
            "retention_policy": [
              {
                "days": 7,
                "enabled": false
              }
            ],
            "sku": "Basic",
            "storage_account_id": null,
            "tags": {},
            "timeouts": {
              "create": null,
              "delete": null,
              "read": null,
              "update": null
            },
            "trust_policy": [
              {
                "enabled": false
              }
            ]
          },
          "sensitive_attributes": [],
          "private": "eyJlMmJmYjczMC1lY2FhLTExZTYtOGY4OC0zNDM2M2JjN2M0YzAiOnsiY3JlYXRlIjoxODAwMDAwMDAwMDAwLCJkZWxldGUiOjE4MDAwMDAwMDAwMDAsInJlYWQiOjMwMDAwMDAwMDAwMCwidXBkYXRlIjoxODAwMDAwMDAwMDAwfSwic2NoZW1hX3ZlcnNpb24iOiIyIn0=",
          "dependencies": [
            "azurerm_resource_group.tf_test"
          ]
        }
      ]
    },
    {
      "mode": "managed",
      "type": "azurerm_resource_group",
      "name": "tf_test",
      "provider": "provider[\"registry.terraform.io/hashicorp/azurerm\"]",
      "instances": [
        {
          "schema_version": 0,
          "attributes": {
            "id": "/subscriptions/5fe8fe9e-ec72-4c24-8d51-122c0378b2ba/resourceGroups/tfmainrg",
            "location": "westeurope",
            "name": "tfmainrg",
            "tags": {},
            "timeouts": {
              "create": null,
              "delete": null,
              "read": null,
              "update": null
            }
          },
          "sensitive_attributes": [],
          "private": "eyJlMmJmYjczMC1lY2FhLTExZTYtOGY4OC0zNDM2M2JjN2M0YzAiOnsiY3JlYXRlIjo1NDAwMDAwMDAwMDAwLCJkZWxldGUiOjU0MDAwMDAwMDAwMDAsInJlYWQiOjMwMDAwMDAwMDAwMCwidXBkYXRlIjo1NDAwMDAwMDAwMDAwfSwic2NoZW1hX3ZlcnNpb24iOiIwIn0="
        }
      ]
    },
    {
      "mode": "managed",
      "type": "azurerm_sql_database",
      "name": "sqldb",
      "provider": "provider[\"registry.terraform.io/hashicorp/azurerm\"]",
      "instances": [
        {
          "schema_version": 0,
          "attributes": {
            "collation": "SQL_Latin1_General_CP1_CI_AS",
            "create_mode": "Default",
            "creation_date": "2021-04-28T10:39:09.397Z",
            "default_secondary_location": "North Europe",
            "edition": "GeneralPurpose",
            "elastic_pool_name": "",
            "encryption": "",
            "extended_auditing_policy": [
              {
                "log_monitoring_enabled": true,
                "retention_in_days": 0,
                "storage_account_access_key": "nk+qDk3qFRTFuU84uZJaL9t2+dBGEM8Ii6YWSn5USc337vXYKb//DNapw4ZN+eJnNjl/RbIbdK1rop4iYCvfiQ==",
                "storage_account_access_key_is_secondary": true,
                "storage_endpoint": "https://storageacctftest.blob.core.windows.net/"
              }
            ],
            "id": "/subscriptions/5fe8fe9e-ec72-4c24-8d51-122c0378b2ba/resourceGroups/tfmainrg/providers/Microsoft.Sql/servers/mvcminitwitserver/databases/minitwitDb-2021-4-28-12-16-v2",
            "import": [],
            "location": "westeurope",
            "max_size_bytes": "34359738368",
            "max_size_gb": null,
            "name": "minitwitDb-2021-4-28-12-16-v2",
            "read_scale": false,
            "requested_service_objective_id": "f21733ad-9b9b-4d4e-a4fa-94a133c41718",
            "requested_service_objective_name": "GP_Gen5_2",
            "resource_group_name": "tfmainrg",
            "restore_point_in_time": null,
            "server_name": "mvcminitwitserver",
            "source_database_deletion_date": null,
            "source_database_id": null,
            "tags": {
              "environment": "production"
            },
            "threat_detection_policy": [
              {
                "disabled_alerts": [],
                "email_account_admins": "Disabled",
                "email_addresses": [],
                "retention_days": 0,
                "state": "Disabled",
                "storage_account_access_key": "",
                "storage_endpoint": "",
                "use_server_default": "Disabled"
              }
            ],
            "timeouts": {
              "create": null,
              "delete": null,
              "read": null,
              "update": null
            },
            "zone_redundant": false
          },
          "sensitive_attributes": [
            [
              {
                "type": "get_attr",
                "value": "extended_auditing_policy"
              },
              {
                "type": "index",
                "value": {
                  "value": 0,
                  "type": "number"
                }
              },
              {
                "type": "get_attr",
                "value": "storage_account_access_key"
              }
            ]
          ],
          "private": "eyJlMmJmYjczMC1lY2FhLTExZTYtOGY4OC0zNDM2M2JjN2M0YzAiOnsiY3JlYXRlIjozNjAwMDAwMDAwMDAwLCJkZWxldGUiOjM2MDAwMDAwMDAwMDAsInJlYWQiOjMwMDAwMDAwMDAwMCwidXBkYXRlIjozNjAwMDAwMDAwMDAwfX0=",
          "dependencies": [
            "azurerm_resource_group.tf_test",
            "azurerm_sql_server.azsqlserver",
            "azurerm_storage_account.storage"
          ]
        }
      ]
    },
    {
      "mode": "managed",
      "type": "azurerm_sql_server",
      "name": "azsqlserver",
      "provider": "provider[\"registry.terraform.io/hashicorp/azurerm\"]",
      "instances": [
        {
          "schema_version": 0,
          "attributes": {
            "administrator_login": "frvo5098mvcminitwit",
            "administrator_login_password": "Mvc50985098",
            "connection_policy": "Default",
            "extended_auditing_policy": [
              {
                "log_monitoring_enabled": true,
                "retention_in_days": 0,
                "storage_account_access_key": "nk+qDk3qFRTFuU84uZJaL9t2+dBGEM8Ii6YWSn5USc337vXYKb//DNapw4ZN+eJnNjl/RbIbdK1rop4iYCvfiQ==",
                "storage_account_access_key_is_secondary": true,
                "storage_endpoint": "https://storageacctftest.blob.core.windows.net/"
              }
            ],
            "fully_qualified_domain_name": "mvcminitwitserver.database.windows.net",
            "id": "/subscriptions/5fe8fe9e-ec72-4c24-8d51-122c0378b2ba/resourceGroups/tfmainrg/providers/Microsoft.Sql/servers/mvcminitwitserver",
            "identity": [],
            "location": "westeurope",
            "name": "mvcminitwitserver",
            "resource_group_name": "tfmainrg",
            "tags": {
              "environment": "production"
            },
            "timeouts": {
              "create": null,
              "delete": null,
              "read": null,
              "update": null
            },
            "version": "12.0"
          },
          "sensitive_attributes": [
            [
              {
                "type": "get_attr",
                "value": "extended_auditing_policy"
              },
              {
                "type": "index",
                "value": {
                  "value": 0,
                  "type": "number"
                }
              },
              {
                "type": "get_attr",
                "value": "storage_account_access_key"
              }
            ]
          ],
          "private": "eyJlMmJmYjczMC1lY2FhLTExZTYtOGY4OC0zNDM2M2JjN2M0YzAiOnsiY3JlYXRlIjozNjAwMDAwMDAwMDAwLCJkZWxldGUiOjM2MDAwMDAwMDAwMDAsInJlYWQiOjMwMDAwMDAwMDAwMCwidXBkYXRlIjozNjAwMDAwMDAwMDAwfX0=",
          "dependencies": [
            "azurerm_resource_group.tf_test",
            "azurerm_storage_account.storage"
          ]
        }
      ]
    },
    {
      "mode": "managed",
      "type": "azurerm_storage_account",
      "name": "storage",
      "provider": "provider[\"registry.terraform.io/hashicorp/azurerm\"]",
      "instances": [
        {
          "schema_version": 2,
          "attributes": {
            "access_tier": "Hot",
            "account_kind": "StorageV2",
            "account_replication_type": "LRS",
            "account_tier": "Standard",
            "allow_blob_public_access": false,
            "blob_properties": [],
            "custom_domain": [],
            "enable_https_traffic_only": true,
            "id": "/subscriptions/5fe8fe9e-ec72-4c24-8d51-122c0378b2ba/resourceGroups/tfmainrg/providers/Microsoft.Storage/storageAccounts/storageacctftest",
            "identity": [],
            "is_hns_enabled": false,
            "large_file_share_enabled": null,
            "location": "westeurope",
            "min_tls_version": "TLS1_0",
            "name": "storageacctftest",
            "network_rules": [
              {
                "bypass": [
                  "AzureServices"
                ],
                "default_action": "Allow",
                "ip_rules": [],
                "virtual_network_subnet_ids": []
              }
            ],
            "primary_access_key": "nk+qDk3qFRTFuU84uZJaL9t2+dBGEM8Ii6YWSn5USc337vXYKb//DNapw4ZN+eJnNjl/RbIbdK1rop4iYCvfiQ==",
            "primary_blob_connection_string": "DefaultEndpointsProtocol=https;BlobEndpoint=https://storageacctftest.blob.core.windows.net/;AccountName=storageacctftest;AccountKey=nk+qDk3qFRTFuU84uZJaL9t2+dBGEM8Ii6YWSn5USc337vXYKb//DNapw4ZN+eJnNjl/RbIbdK1rop4iYCvfiQ==",
            "primary_blob_endpoint": "https://storageacctftest.blob.core.windows.net/",
            "primary_blob_host": "storageacctftest.blob.core.windows.net",
            "primary_connection_string": "DefaultEndpointsProtocol=https;AccountName=storageacctftest;AccountKey=nk+qDk3qFRTFuU84uZJaL9t2+dBGEM8Ii6YWSn5USc337vXYKb//DNapw4ZN+eJnNjl/RbIbdK1rop4iYCvfiQ==;EndpointSuffix=core.windows.net",
            "primary_dfs_endpoint": "https://storageacctftest.dfs.core.windows.net/",
            "primary_dfs_host": "storageacctftest.dfs.core.windows.net",
            "primary_file_endpoint": "https://storageacctftest.file.core.windows.net/",
            "primary_file_host": "storageacctftest.file.core.windows.net",
            "primary_location": "westeurope",
            "primary_queue_endpoint": "https://storageacctftest.queue.core.windows.net/",
            "primary_queue_host": "storageacctftest.queue.core.windows.net",
            "primary_table_endpoint": "https://storageacctftest.table.core.windows.net/",
            "primary_table_host": "storageacctftest.table.core.windows.net",
            "primary_web_endpoint": "https://storageacctftest.z6.web.core.windows.net/",
            "primary_web_host": "storageacctftest.z6.web.core.windows.net",
            "queue_properties": [
              {
                "cors_rule": [],
                "hour_metrics": [
                  {
                    "enabled": true,
                    "include_apis": true,
                    "retention_policy_days": 7,
                    "version": "1.0"
                  }
                ],
                "logging": [
                  {
                    "delete": false,
                    "read": false,
                    "retention_policy_days": 0,
                    "version": "1.0",
                    "write": false
                  }
                ],
                "minute_metrics": [
                  {
                    "enabled": false,
                    "include_apis": false,
                    "retention_policy_days": 0,
                    "version": "1.0"
                  }
                ]
              }
            ],
            "resource_group_name": "tfmainrg",
            "secondary_access_key": "PEc50SnCybq2/1n9XSaBBpjYSDBn/wNP4ja49T5ljuvQk/ARUXSiZ2i6C8z5qArrj2RlnwKbsSxs/ISVtFOJmw==",
            "secondary_blob_connection_string": "",
            "secondary_blob_endpoint": null,
            "secondary_blob_host": null,
            "secondary_connection_string": "DefaultEndpointsProtocol=https;AccountName=storageacctftest;AccountKey=PEc50SnCybq2/1n9XSaBBpjYSDBn/wNP4ja49T5ljuvQk/ARUXSiZ2i6C8z5qArrj2RlnwKbsSxs/ISVtFOJmw==;EndpointSuffix=core.windows.net",
            "secondary_dfs_endpoint": null,
            "secondary_dfs_host": null,
            "secondary_file_endpoint": null,
            "secondary_file_host": null,
            "secondary_location": "",
            "secondary_queue_endpoint": null,
            "secondary_queue_host": null,
            "secondary_table_endpoint": null,
            "secondary_table_host": null,
            "secondary_web_endpoint": null,
            "secondary_web_host": null,
            "static_website": [],
            "tags": {},
            "timeouts": {
              "create": null,
              "delete": null,
              "read": null,
              "update": null
            }
          },
          "sensitive_attributes": [],
          "private": "eyJlMmJmYjczMC1lY2FhLTExZTYtOGY4OC0zNDM2M2JjN2M0YzAiOnsiY3JlYXRlIjozNjAwMDAwMDAwMDAwLCJkZWxldGUiOjM2MDAwMDAwMDAwMDAsInJlYWQiOjMwMDAwMDAwMDAwMCwidXBkYXRlIjozNjAwMDAwMDAwMDAwfSwic2NoZW1hX3ZlcnNpb24iOiIyIn0=",
          "dependencies": [
            "azurerm_resource_group.tf_test"
          ]
        }
      ]
    }
  ]
}
